// !$*UTF8*$!
{
	archiveVersion = 1;
	classes = {
	};
	objectVersion = 46;
	objects = {

/* Begin PBXBuildFile section */
		A68FAFEFF4F4A49290AF4C6D /* libPods.a in Frameworks */ = {isa = PBXBuildFile; fileRef = 6C2E3BD33B03E9DF56A54E8A /* libPods.a */; };
		BC0F44E01C999EA800894419 /* CarForumController.m in Sources */ = {isa = PBXBuildFile; fileRef = BC0F44AC1C999EA800894419 /* CarForumController.m */; };
		BC0F44E11C999EA800894419 /* YUCategoryViewController.m in Sources */ = {isa = PBXBuildFile; fileRef = BC0F44AE1C999EA800894419 /* YUCategoryViewController.m */; };
		BC0F44E21C999EA800894419 /* YUHotTopicViewController.m in Sources */ = {isa = PBXBuildFile; fileRef = BC0F44B01C999EA800894419 /* YUHotTopicViewController.m */; };
		BC0F44E31C999EA800894419 /* YUMoreTopicViewController.m in Sources */ = {isa = PBXBuildFile; fileRef = BC0F44B21C999EA800894419 /* YUMoreTopicViewController.m */; };
		BC0F44E41C999EA800894419 /* YUSelectionViewController.m in Sources */ = {isa = PBXBuildFile; fileRef = BC0F44B41C999EA800894419 /* YUSelectionViewController.m */; };
		BC0F44E51C999EA800894419 /* YUTopicWebViewController.m in Sources */ = {isa = PBXBuildFile; fileRef = BC0F44B61C999EA800894419 /* YUTopicWebViewController.m */; };
		BC0F44E61C999EA800894419 /* FMDatabase.m in Sources */ = {isa = PBXBuildFile; fileRef = BC0F44BB1C999EA800894419 /* FMDatabase.m */; };
		BC0F44E71C999EA800894419 /* FMDatabaseAdditions.m in Sources */ = {isa = PBXBuildFile; fileRef = BC0F44BD1C999EA800894419 /* FMDatabaseAdditions.m */; };
		BC0F44E81C999EA800894419 /* FMDatabasePool.m in Sources */ = {isa = PBXBuildFile; fileRef = BC0F44BF1C999EA800894419 /* FMDatabasePool.m */; };
		BC0F44E91C999EA800894419 /* FMDatabaseQueue.m in Sources */ = {isa = PBXBuildFile; fileRef = BC0F44C11C999EA800894419 /* FMDatabaseQueue.m */; };
		BC0F44EA1C999EA800894419 /* FMResultSet.m in Sources */ = {isa = PBXBuildFile; fileRef = BC0F44C41C999EA800894419 /* FMResultSet.m */; };
		BC0F44EB1C999EA800894419 /* YUBannerListModel.m in Sources */ = {isa = PBXBuildFile; fileRef = BC0F44C71C999EA800894419 /* YUBannerListModel.m */; };
		BC0F44EC1C999EA800894419 /* YUHotTopicModel.m in Sources */ = {isa = PBXBuildFile; fileRef = BC0F44C91C999EA800894419 /* YUHotTopicModel.m */; };
		BC0F44ED1C999EA800894419 /* YUSelectionTopic.m in Sources */ = {isa = PBXBuildFile; fileRef = BC0F44CB1C999EA800894419 /* YUSelectionTopic.m */; };
		BC0F44EE1C999EA800894419 /* YUCollectionReusableView.m in Sources */ = {isa = PBXBuildFile; fileRef = BC0F44CE1C999EA800894419 /* YUCollectionReusableView.m */; };
		BC0F44EF1C999EA800894419 /* YUHotTopicCell.m in Sources */ = {isa = PBXBuildFile; fileRef = BC0F44D01C999EA800894419 /* YUHotTopicCell.m */; };
		BC0F44F01C999EA800894419 /* YUHotTopicCell.xib in Resources */ = {isa = PBXBuildFile; fileRef = BC0F44D11C999EA800894419 /* YUHotTopicCell.xib */; };
		BC0F44F11C999EA800894419 /* YUImageCell.m in Sources */ = {isa = PBXBuildFile; fileRef = BC0F44D31C999EA800894419 /* YUImageCell.m */; };
		BC0F44F21C999EA800894419 /* YUMoreTopicCell.m in Sources */ = {isa = PBXBuildFile; fileRef = BC0F44D51C999EA800894419 /* YUMoreTopicCell.m */; };
		BC0F44F31C999EA800894419 /* YUMoreTopicCell.xib in Resources */ = {isa = PBXBuildFile; fileRef = BC0F44D61C999EA800894419 /* YUMoreTopicCell.xib */; };
		BC0F44F41C999EA800894419 /* YUScrollView.m in Sources */ = {isa = PBXBuildFile; fileRef = BC0F44D81C999EA800894419 /* YUScrollView.m */; };
		BC0F44F51C999EA800894419 /* YUSelectionTopicCell.m in Sources */ = {isa = PBXBuildFile; fileRef = BC0F44DA1C999EA800894419 /* YUSelectionTopicCell.m */; };
		BC0F44F61C999EA800894419 /* YUSelectionTopicCell.xib in Resources */ = {isa = PBXBuildFile; fileRef = BC0F44DB1C999EA800894419 /* YUSelectionTopicCell.xib */; };
		BC0F44F71C999EA800894419 /* YUTopicHeaderView.m in Sources */ = {isa = PBXBuildFile; fileRef = BC0F44DD1C999EA800894419 /* YUTopicHeaderView.m */; };
		BC0F44F81C999EA800894419 /* YUDBManager.m in Sources */ = {isa = PBXBuildFile; fileRef = BC0F44DF1C999EA800894419 /* YUDBManager.m */; };
		BC623B9F1C99A1DE00098459 /* libsqlite3.0.tbd in Frameworks */ = {isa = PBXBuildFile; fileRef = BC623B9E1C99A1DE00098459 /* libsqlite3.0.tbd */; };
		DA2701C91C9A3B4B00AC8205 /* WJHeaderAppraiseModel.m in Sources */ = {isa = PBXBuildFile; fileRef = DA2701C81C9A3B4B00AC8205 /* WJHeaderAppraiseModel.m */; };
		DA2701CC1C9A3BFC00AC8205 /* WJContentAppraiseModel.m in Sources */ = {isa = PBXBuildFile; fileRef = DA2701CB1C9A3BFC00AC8205 /* WJContentAppraiseModel.m */; };
		DA2701D91C9A434300AC8205 /* MKVedioDetailController.m in Sources */ = {isa = PBXBuildFile; fileRef = DA2701D21C9A434300AC8205 /* MKVedioDetailController.m */; };
		DA2701DA1C9A434300AC8205 /* MKVediosModel.m in Sources */ = {isa = PBXBuildFile; fileRef = DA2701D41C9A434300AC8205 /* MKVediosModel.m */; };
		DA2701E01C9A437200AC8205 /* MKVideoCell.m in Sources */ = {isa = PBXBuildFile; fileRef = DA2701DE1C9A437200AC8205 /* MKVideoCell.m */; };
		DA2701E11C9A437200AC8205 /* MKVideoCell.xib in Resources */ = {isa = PBXBuildFile; fileRef = DA2701DF1C9A437200AC8205 /* MKVideoCell.xib */; };
		DA2701E41C9A438B00AC8205 /* CarPreferentialController.m in Sources */ = {isa = PBXBuildFile; fileRef = DA2701E31C9A438B00AC8205 /* CarPreferentialController.m */; };
		DA2B4C2C1C99B12D001DE451 /* CCPicViewController.m in Sources */ = {isa = PBXBuildFile; fileRef = DA2B4C211C99B12D001DE451 /* CCPicViewController.m */; };
		DA2B4C2D1C99B12D001DE451 /* WJPraiseViewController.h.m in Sources */ = {isa = PBXBuildFile; fileRef = DA2B4C231C99B12D001DE451 /* WJPraiseViewController.h.m */; };
		DA2B4C2E1C99B12D001DE451 /* WJPublicViewController.m in Sources */ = {isa = PBXBuildFile; fileRef = DA2B4C251C99B12D001DE451 /* WJPublicViewController.m */; };
		DA2B4C2F1C99B12D001DE451 /* YuArticleViewController.m in Sources */ = {isa = PBXBuildFile; fileRef = DA2B4C271C99B12D001DE451 /* YuArticleViewController.m */; };
		DA2B4C301C99B12D001DE451 /* YuForumViewController.m in Sources */ = {isa = PBXBuildFile; fileRef = DA2B4C291C99B12D001DE451 /* YuForumViewController.m */; };
		DA2B4C311C99B12D001DE451 /* YuSummarizeController.m in Sources */ = {isa = PBXBuildFile; fileRef = DA2B4C2B1C99B12D001DE451 /* YuSummarizeController.m */; };
		DA2B4C341C99B1F9001DE451 /* WJScrollTitleView.m in Sources */ = {isa = PBXBuildFile; fileRef = DA2B4C331C99B1F9001DE451 /* WJScrollTitleView.m */; };
		DA2B4C371C99B203001DE451 /* WJConstraintModel.m in Sources */ = {isa = PBXBuildFile; fileRef = DA2B4C361C99B203001DE451 /* WJConstraintModel.m */; };
		DA3B5CD01C93BF7A001997C8 /* Foundation+Log.m in Sources */ = {isa = PBXBuildFile; fileRef = DA3B5CAD1C93BF7A001997C8 /* Foundation+Log.m */; };
		DA3B5CD11C93BF7A001997C8 /* NSDate+WJExtension.m in Sources */ = {isa = PBXBuildFile; fileRef = DA3B5CAF1C93BF7A001997C8 /* NSDate+WJExtension.m */; };
		DA3B5CD21C93BF7A001997C8 /* NSString+StringFromNumber.m in Sources */ = {isa = PBXBuildFile; fileRef = DA3B5CB11C93BF7A001997C8 /* NSString+StringFromNumber.m */; };
		DA3B5CD31C93BF7A001997C8 /* UIBarButtonItem+WJExtension.m in Sources */ = {isa = PBXBuildFile; fileRef = DA3B5CB31C93BF7A001997C8 /* UIBarButtonItem+WJExtension.m */; };
		DA3B5CD41C93BF7A001997C8 /* UIImage+cirlcle.m in Sources */ = {isa = PBXBuildFile; fileRef = DA3B5CB51C93BF7A001997C8 /* UIImage+cirlcle.m */; };
		DA3B5CD51C93BF7A001997C8 /* UIImage+reSize.m in Sources */ = {isa = PBXBuildFile; fileRef = DA3B5CB71C93BF7A001997C8 /* UIImage+reSize.m */; };
		DA3B5CD61C93BF7A001997C8 /* UIImageView+downloadImage.m in Sources */ = {isa = PBXBuildFile; fileRef = DA3B5CB91C93BF7A001997C8 /* UIImageView+downloadImage.m */; };
		DA3B5CD71C93BF7A001997C8 /* UIView+WJExtension.m in Sources */ = {isa = PBXBuildFile; fileRef = DA3B5CBB1C93BF7A001997C8 /* UIView+WJExtension.m */; };
		DA3B5CD81C93BF7A001997C8 /* LLCarTypeDetailController.m in Sources */ = {isa = PBXBuildFile; fileRef = DA3B5CBE1C93BF7A001997C8 /* LLCarTypeDetailController.m */; };
		DA3B5CD91C93BF7A001997C8 /* WJNavgationController.m in Sources */ = {isa = PBXBuildFile; fileRef = DA3B5CC01C93BF7A001997C8 /* WJNavgationController.m */; };
		DA3B5CDA1C93BF7A001997C8 /* WJTabBarController.m in Sources */ = {isa = PBXBuildFile; fileRef = DA3B5CC21C93BF7A001997C8 /* WJTabBarController.m */; };
		DA3B5CDB1C93BF7A001997C8 /* WJHttpTool.m in Sources */ = {isa = PBXBuildFile; fileRef = DA3B5CC51C93BF7A001997C8 /* WJHttpTool.m */; };
		DA3B5CDC1C93BF7A001997C8 /* LLCarOffSaleListModel.m in Sources */ = {isa = PBXBuildFile; fileRef = DA3B5CC91C93BF7A001997C8 /* LLCarOffSaleListModel.m */; };
		DA3B5CDD1C93BF7A001997C8 /* LLCarTypeInfoModel.m in Sources */ = {isa = PBXBuildFile; fileRef = DA3B5CCB1C93BF7A001997C8 /* LLCarTypeInfoModel.m */; };
		DA3B5CDE1C93BF7A001997C8 /* LLCarTypeVersionModel.m in Sources */ = {isa = PBXBuildFile; fileRef = DA3B5CCD1C93BF7A001997C8 /* LLCarTypeVersionModel.m */; };
		DA825C0F1C92E86B000C5EE4 /* WJSpecialController.m in Sources */ = {isa = PBXBuildFile; fileRef = DA825BC41C92E86B000C5EE4 /* WJSpecialController.m */; };
		DA825C171C92E86B000C5EE4 /* WJConsultingResult.m in Sources */ = {isa = PBXBuildFile; fileRef = DA825BD91C92E86B000C5EE4 /* WJConsultingResult.m */; };
		DA825C181C92E86B000C5EE4 /* WJSUVResult.m in Sources */ = {isa = PBXBuildFile; fileRef = DA825BDB1C92E86B000C5EE4 /* WJSUVResult.m */; };
		DA825C191C92E86B000C5EE4 /* WJConsultingCell.m in Sources */ = {isa = PBXBuildFile; fileRef = DA825BDF1C92E86B000C5EE4 /* WJConsultingCell.m */; };
		DA825C1A1C92E86B000C5EE4 /* WJConsultingCell.xib in Resources */ = {isa = PBXBuildFile; fileRef = DA825BE01C92E86B000C5EE4 /* WJConsultingCell.xib */; };
		DA825C1B1C92E86B000C5EE4 /* WJFindHotCell.m in Sources */ = {isa = PBXBuildFile; fileRef = DA825BE21C92E86B000C5EE4 /* WJFindHotCell.m */; };
		DA825C1C1C92E86B000C5EE4 /* WJFindHotCell.xib in Resources */ = {isa = PBXBuildFile; fileRef = DA825BE31C92E86B000C5EE4 /* WJFindHotCell.xib */; };
		DA825C1D1C92E86B000C5EE4 /* WJContainerView.m in Sources */ = {isa = PBXBuildFile; fileRef = DA825BE61C92E86B000C5EE4 /* WJContainerView.m */; };
		DA825C1E1C92E86B000C5EE4 /* WJHeaderView.m in Sources */ = {isa = PBXBuildFile; fileRef = DA825BE91C92E86B000C5EE4 /* WJHeaderView.m */; };
		DA825C1F1C92E86B000C5EE4 /* WJProgressView.m in Sources */ = {isa = PBXBuildFile; fileRef = DA825BEC1C92E86B000C5EE4 /* WJProgressView.m */; };
		DA825C201C92E86B000C5EE4 /* WJVerticalButton.m in Sources */ = {isa = PBXBuildFile; fileRef = DA825BEE1C92E86B000C5EE4 /* WJVerticalButton.m */; };
		DA825C211C92E86B000C5EE4 /* CarFindController.m in Sources */ = {isa = PBXBuildFile; fileRef = DA825BF21C92E86B000C5EE4 /* CarFindController.m */; };
		DA825C971C92EAD2000C5EE4 /* CarConsultingController.m in Sources */ = {isa = PBXBuildFile; fileRef = DA825C941C92EAD2000C5EE4 /* CarConsultingController.m */; };
		DA825C9E1C92EB7E000C5EE4 /* WJArrangeController.m in Sources */ = {isa = PBXBuildFile; fileRef = DA825C9D1C92EB7E000C5EE4 /* WJArrangeController.m */; };
		DA89F3461C92FDCE003D5AF8 /* WJFindCarResult.m in Sources */ = {isa = PBXBuildFile; fileRef = DA89F3451C92FDCE003D5AF8 /* WJFindCarResult.m */; };
		DA89F3511C92FE85003D5AF8 /* WJFindCarController.m in Sources */ = {isa = PBXBuildFile; fileRef = DA89F34C1C92FE85003D5AF8 /* WJFindCarController.m */; };
		DA89F3521C92FE85003D5AF8 /* WJHotCarController.m in Sources */ = {isa = PBXBuildFile; fileRef = DA89F34E1C92FE85003D5AF8 /* WJHotCarController.m */; };
		DA89F3531C92FE85003D5AF8 /* WJWebViewController.m in Sources */ = {isa = PBXBuildFile; fileRef = DA89F3501C92FE85003D5AF8 /* WJWebViewController.m */; };
		DA89F3561C93009B003D5AF8 /* WJWaterFlowLayout.m in Sources */ = {isa = PBXBuildFile; fileRef = DA89F3551C93009B003D5AF8 /* WJWaterFlowLayout.m */; };
		DA89F35A1C9301B4003D5AF8 /* WJCollectionViewCell.m in Sources */ = {isa = PBXBuildFile; fileRef = DA89F3581C9301B4003D5AF8 /* WJCollectionViewCell.m */; };
		DA89F35B1C9301B4003D5AF8 /* WJCollectionViewCell.xib in Resources */ = {isa = PBXBuildFile; fileRef = DA89F3591C9301B4003D5AF8 /* WJCollectionViewCell.xib */; };
		DAE93A071C8E75B900F03A67 /* main.m in Sources */ = {isa = PBXBuildFile; fileRef = DAE93A061C8E75B900F03A67 /* main.m */; };
		DAE93A0A1C8E75B900F03A67 /* AppDelegate.m in Sources */ = {isa = PBXBuildFile; fileRef = DAE93A091C8E75B900F03A67 /* AppDelegate.m */; };
		DAE93A101C8E75B900F03A67 /* Main.storyboard in Resources */ = {isa = PBXBuildFile; fileRef = DAE93A0E1C8E75B900F03A67 /* Main.storyboard */; };
		DAE93A121C8E75B900F03A67 /* Assets.xcassets in Resources */ = {isa = PBXBuildFile; fileRef = DAE93A111C8E75B900F03A67 /* Assets.xcassets */; };
		DAE93A151C8E75B900F03A67 /* LaunchScreen.storyboard in Resources */ = {isa = PBXBuildFile; fileRef = DAE93A131C8E75B900F03A67 /* LaunchScreen.storyboard */; };
		DAE93A201C8E75B900F03A67 /* fashionDanceTests.m in Sources */ = {isa = PBXBuildFile; fileRef = DAE93A1F1C8E75B900F03A67 /* fashionDanceTests.m */; };
		DAE93A2B1C8E75B900F03A67 /* fashionDanceUITests.m in Sources */ = {isa = PBXBuildFile; fileRef = DAE93A2A1C8E75B900F03A67 /* fashionDanceUITests.m */; };
		DAE93A5B1C8E77A600F03A67 /* WJConst.m in Sources */ = {isa = PBXBuildFile; fileRef = DAE93A5A1C8E77A600F03A67 /* WJConst.m */; };
		FC457DBD1C98064C00DDB531 /* TSDrawView.m in Sources */ = {isa = PBXBuildFile; fileRef = FC457DBC1C98064C00DDB531 /* TSDrawView.m */; };
		FC457DC01C98162700DDB531 /* WJConsultingNoPicCell.m in Sources */ = {isa = PBXBuildFile; fileRef = FC457DBF1C98162700DDB531 /* WJConsultingNoPicCell.m */; };
		FC457DC21C98162D00DDB531 /* WJConsultingNoPicCell.xib in Resources */ = {isa = PBXBuildFile; fileRef = FC457DC11C98162D00DDB531 /* WJConsultingNoPicCell.xib */; };
		FC457DCA1C98168700DDB531 /* SWBrandHeadView.m in Sources */ = {isa = PBXBuildFile; fileRef = FC457DC91C98168700DDB531 /* SWBrandHeadView.m */; };
		FC457DCD1C9816A200DDB531 /* SWSectionModel.m in Sources */ = {isa = PBXBuildFile; fileRef = FC457DCC1C9816A200DDB531 /* SWSectionModel.m */; };
		FC457DD11C9816AF00DDB531 /* SWCarCell.m in Sources */ = {isa = PBXBuildFile; fileRef = FC457DCF1C9816AF00DDB531 /* SWCarCell.m */; };
		FC457DD21C9816AF00DDB531 /* SWCarCell.xib in Resources */ = {isa = PBXBuildFile; fileRef = FC457DD01C9816AF00DDB531 /* SWCarCell.xib */; };
		FC457DD41C983CA200DDB531 /* TSTitleList.plist in Resources */ = {isa = PBXBuildFile; fileRef = FC457DD31C983CA200DDB531 /* TSTitleList.plist */; };
		FC457DD61C983D3800DDB531 /* TSConfigList.plist in Resources */ = {isa = PBXBuildFile; fileRef = FC457DD51C983D3800DDB531 /* TSConfigList.plist */; };
		FC457DDA1C98413100DDB531 /* TSTitleCell.m in Sources */ = {isa = PBXBuildFile; fileRef = FC457DD81C98413100DDB531 /* TSTitleCell.m */; };
		FC457DDB1C98413100DDB531 /* TSTitleCell.xib in Resources */ = {isa = PBXBuildFile; fileRef = FC457DD91C98413100DDB531 /* TSTitleCell.xib */; };
		FC457DDE1C9847E600DDB531 /* TSSpecificController.m in Sources */ = {isa = PBXBuildFile; fileRef = FC457DDD1C9847E600DDB531 /* TSSpecificController.m */; };
		FCCB845D1C96AF1A005EA1AA /* brand_list.json in Resources */ = {isa = PBXBuildFile; fileRef = FCCB845C1C96AF1A005EA1AA /* brand_list.json */; };
		FCCB84651C96B0BB005EA1AA /* TSCarMod.m in Sources */ = {isa = PBXBuildFile; fileRef = FCCB84641C96B0BB005EA1AA /* TSCarMod.m */; };
		FCCB84681C96B29E005EA1AA /* TSBrandCarController.m in Sources */ = {isa = PBXBuildFile; fileRef = FCCB84671C96B29E005EA1AA /* TSBrandCarController.m */; };
		FCCB846B1C96F745005EA1AA /* TSTJZCController.m in Sources */ = {isa = PBXBuildFile; fileRef = FCCB846A1C96F745005EA1AA /* TSTJZCController.m */; };
		FCCB846D1C970122005EA1AA /* CarData.plist in Resources */ = {isa = PBXBuildFile; fileRef = FCCB846C1C970122005EA1AA /* CarData.plist */; };
		FCCF82741C995DC300F12B8C /* TSSXTableController.m in Sources */ = {isa = PBXBuildFile; fileRef = FCCF82731C995DC300F12B8C /* TSSXTableController.m */; };
		FCCF82771C99628100F12B8C /* TSSXCarModel.m in Sources */ = {isa = PBXBuildFile; fileRef = FCCF82761C99628100F12B8C /* TSSXCarModel.m */; };
		FCCF827F1C997DE600F12B8C /* TSXCCell.m in Sources */ = {isa = PBXBuildFile; fileRef = FCCF827D1C997DE600F12B8C /* TSXCCell.m */; };
		FCCF82801C997DE600F12B8C /* TSXCCell.xib in Resources */ = {isa = PBXBuildFile; fileRef = FCCF827E1C997DE600F12B8C /* TSXCCell.xib */; };
/* End PBXBuildFile section */

/* Begin PBXContainerItemProxy section */
		DAE93A1C1C8E75B900F03A67 /* PBXContainerItemProxy */ = {
			isa = PBXContainerItemProxy;
			containerPortal = DAE939FA1C8E75B900F03A67 /* Project object */;
			proxyType = 1;
			remoteGlobalIDString = DAE93A011C8E75B900F03A67;
			remoteInfo = fashionDance;
		};
		DAE93A271C8E75B900F03A67 /* PBXContainerItemProxy */ = {
			isa = PBXContainerItemProxy;
			containerPortal = DAE939FA1C8E75B900F03A67 /* Project object */;
			proxyType = 1;
			remoteGlobalIDString = DAE93A011C8E75B900F03A67;
			remoteInfo = fashionDance;
		};
/* End PBXContainerItemProxy section */

/* Begin PBXFileReference section */
		6C2E3BD33B03E9DF56A54E8A /* libPods.a */ = {isa = PBXFileReference; explicitFileType = archive.ar; includeInIndex = 0; path = libPods.a; sourceTree = BUILT_PRODUCTS_DIR; };
		6FB5973FF1B297B050B1A609 /* Pods.release.xcconfig */ = {isa = PBXFileReference; includeInIndex = 1; lastKnownFileType = text.xcconfig; name = Pods.release.xcconfig; path = "Pods/Target Support Files/Pods/Pods.release.xcconfig"; sourceTree = "<group>"; };
		7CF344E4DA0F93C7E0B1D029 /* Pods.debug.xcconfig */ = {isa = PBXFileReference; includeInIndex = 1; lastKnownFileType = text.xcconfig; name = Pods.debug.xcconfig; path = "Pods/Target Support Files/Pods/Pods.debug.xcconfig"; sourceTree = "<group>"; };
		BC0F44AB1C999EA800894419 /* CarForumController.h */ = {isa = PBXFileReference; fileEncoding = 4; lastKnownFileType = sourcecode.c.h; path = CarForumController.h; sourceTree = "<group>"; };
		BC0F44AC1C999EA800894419 /* CarForumController.m */ = {isa = PBXFileReference; fileEncoding = 4; lastKnownFileType = sourcecode.c.objc; path = CarForumController.m; sourceTree = "<group>"; };
		BC0F44AD1C999EA800894419 /* YUCategoryViewController.h */ = {isa = PBXFileReference; fileEncoding = 4; lastKnownFileType = sourcecode.c.h; path = YUCategoryViewController.h; sourceTree = "<group>"; };
		BC0F44AE1C999EA800894419 /* YUCategoryViewController.m */ = {isa = PBXFileReference; fileEncoding = 4; lastKnownFileType = sourcecode.c.objc; path = YUCategoryViewController.m; sourceTree = "<group>"; };
		BC0F44AF1C999EA800894419 /* YUHotTopicViewController.h */ = {isa = PBXFileReference; fileEncoding = 4; lastKnownFileType = sourcecode.c.h; path = YUHotTopicViewController.h; sourceTree = "<group>"; };
		BC0F44B01C999EA800894419 /* YUHotTopicViewController.m */ = {isa = PBXFileReference; fileEncoding = 4; lastKnownFileType = sourcecode.c.objc; path = YUHotTopicViewController.m; sourceTree = "<group>"; };
		BC0F44B11C999EA800894419 /* YUMoreTopicViewController.h */ = {isa = PBXFileReference; fileEncoding = 4; lastKnownFileType = sourcecode.c.h; path = YUMoreTopicViewController.h; sourceTree = "<group>"; };
		BC0F44B21C999EA800894419 /* YUMoreTopicViewController.m */ = {isa = PBXFileReference; fileEncoding = 4; lastKnownFileType = sourcecode.c.objc; path = YUMoreTopicViewController.m; sourceTree = "<group>"; };
		BC0F44B31C999EA800894419 /* YUSelectionViewController.h */ = {isa = PBXFileReference; fileEncoding = 4; lastKnownFileType = sourcecode.c.h; path = YUSelectionViewController.h; sourceTree = "<group>"; };
		BC0F44B41C999EA800894419 /* YUSelectionViewController.m */ = {isa = PBXFileReference; fileEncoding = 4; lastKnownFileType = sourcecode.c.objc; path = YUSelectionViewController.m; sourceTree = "<group>"; };
		BC0F44B51C999EA800894419 /* YUTopicWebViewController.h */ = {isa = PBXFileReference; fileEncoding = 4; lastKnownFileType = sourcecode.c.h; path = YUTopicWebViewController.h; sourceTree = "<group>"; };
		BC0F44B61C999EA800894419 /* YUTopicWebViewController.m */ = {isa = PBXFileReference; fileEncoding = 4; lastKnownFileType = sourcecode.c.objc; path = YUTopicWebViewController.m; sourceTree = "<group>"; };
		BC0F44BA1C999EA800894419 /* FMDatabase.h */ = {isa = PBXFileReference; fileEncoding = 4; lastKnownFileType = sourcecode.c.h; path = FMDatabase.h; sourceTree = "<group>"; };
		BC0F44BB1C999EA800894419 /* FMDatabase.m */ = {isa = PBXFileReference; fileEncoding = 4; lastKnownFileType = sourcecode.c.objc; path = FMDatabase.m; sourceTree = "<group>"; };
		BC0F44BC1C999EA800894419 /* FMDatabaseAdditions.h */ = {isa = PBXFileReference; fileEncoding = 4; lastKnownFileType = sourcecode.c.h; path = FMDatabaseAdditions.h; sourceTree = "<group>"; };
		BC0F44BD1C999EA800894419 /* FMDatabaseAdditions.m */ = {isa = PBXFileReference; fileEncoding = 4; lastKnownFileType = sourcecode.c.objc; path = FMDatabaseAdditions.m; sourceTree = "<group>"; };
		BC0F44BE1C999EA800894419 /* FMDatabasePool.h */ = {isa = PBXFileReference; fileEncoding = 4; lastKnownFileType = sourcecode.c.h; path = FMDatabasePool.h; sourceTree = "<group>"; };
		BC0F44BF1C999EA800894419 /* FMDatabasePool.m */ = {isa = PBXFileReference; fileEncoding = 4; lastKnownFileType = sourcecode.c.objc; path = FMDatabasePool.m; sourceTree = "<group>"; };
		BC0F44C01C999EA800894419 /* FMDatabaseQueue.h */ = {isa = PBXFileReference; fileEncoding = 4; lastKnownFileType = sourcecode.c.h; path = FMDatabaseQueue.h; sourceTree = "<group>"; };
		BC0F44C11C999EA800894419 /* FMDatabaseQueue.m */ = {isa = PBXFileReference; fileEncoding = 4; lastKnownFileType = sourcecode.c.objc; path = FMDatabaseQueue.m; sourceTree = "<group>"; };
		BC0F44C21C999EA800894419 /* FMDB.h */ = {isa = PBXFileReference; fileEncoding = 4; lastKnownFileType = sourcecode.c.h; path = FMDB.h; sourceTree = "<group>"; };
		BC0F44C31C999EA800894419 /* FMResultSet.h */ = {isa = PBXFileReference; fileEncoding = 4; lastKnownFileType = sourcecode.c.h; path = FMResultSet.h; sourceTree = "<group>"; };
		BC0F44C41C999EA800894419 /* FMResultSet.m */ = {isa = PBXFileReference; fileEncoding = 4; lastKnownFileType = sourcecode.c.objc; path = FMResultSet.m; sourceTree = "<group>"; };
		BC0F44C61C999EA800894419 /* YUBannerListModel.h */ = {isa = PBXFileReference; fileEncoding = 4; lastKnownFileType = sourcecode.c.h; path = YUBannerListModel.h; sourceTree = "<group>"; };
		BC0F44C71C999EA800894419 /* YUBannerListModel.m */ = {isa = PBXFileReference; fileEncoding = 4; lastKnownFileType = sourcecode.c.objc; path = YUBannerListModel.m; sourceTree = "<group>"; };
		BC0F44C81C999EA800894419 /* YUHotTopicModel.h */ = {isa = PBXFileReference; fileEncoding = 4; lastKnownFileType = sourcecode.c.h; path = YUHotTopicModel.h; sourceTree = "<group>"; };
		BC0F44C91C999EA800894419 /* YUHotTopicModel.m */ = {isa = PBXFileReference; fileEncoding = 4; lastKnownFileType = sourcecode.c.objc; path = YUHotTopicModel.m; sourceTree = "<group>"; };
		BC0F44CA1C999EA800894419 /* YUSelectionTopic.h */ = {isa = PBXFileReference; fileEncoding = 4; lastKnownFileType = sourcecode.c.h; path = YUSelectionTopic.h; sourceTree = "<group>"; };
		BC0F44CB1C999EA800894419 /* YUSelectionTopic.m */ = {isa = PBXFileReference; fileEncoding = 4; lastKnownFileType = sourcecode.c.objc; path = YUSelectionTopic.m; sourceTree = "<group>"; };
		BC0F44CD1C999EA800894419 /* YUCollectionReusableView.h */ = {isa = PBXFileReference; fileEncoding = 4; lastKnownFileType = sourcecode.c.h; path = YUCollectionReusableView.h; sourceTree = "<group>"; };
		BC0F44CE1C999EA800894419 /* YUCollectionReusableView.m */ = {isa = PBXFileReference; fileEncoding = 4; lastKnownFileType = sourcecode.c.objc; path = YUCollectionReusableView.m; sourceTree = "<group>"; };
		BC0F44CF1C999EA800894419 /* YUHotTopicCell.h */ = {isa = PBXFileReference; fileEncoding = 4; lastKnownFileType = sourcecode.c.h; path = YUHotTopicCell.h; sourceTree = "<group>"; };
		BC0F44D01C999EA800894419 /* YUHotTopicCell.m */ = {isa = PBXFileReference; fileEncoding = 4; lastKnownFileType = sourcecode.c.objc; path = YUHotTopicCell.m; sourceTree = "<group>"; };
		BC0F44D11C999EA800894419 /* YUHotTopicCell.xib */ = {isa = PBXFileReference; fileEncoding = 4; lastKnownFileType = file.xib; path = YUHotTopicCell.xib; sourceTree = "<group>"; };
		BC0F44D21C999EA800894419 /* YUImageCell.h */ = {isa = PBXFileReference; fileEncoding = 4; lastKnownFileType = sourcecode.c.h; path = YUImageCell.h; sourceTree = "<group>"; };
		BC0F44D31C999EA800894419 /* YUImageCell.m */ = {isa = PBXFileReference; fileEncoding = 4; lastKnownFileType = sourcecode.c.objc; path = YUImageCell.m; sourceTree = "<group>"; };
		BC0F44D41C999EA800894419 /* YUMoreTopicCell.h */ = {isa = PBXFileReference; fileEncoding = 4; lastKnownFileType = sourcecode.c.h; path = YUMoreTopicCell.h; sourceTree = "<group>"; };
		BC0F44D51C999EA800894419 /* YUMoreTopicCell.m */ = {isa = PBXFileReference; fileEncoding = 4; lastKnownFileType = sourcecode.c.objc; path = YUMoreTopicCell.m; sourceTree = "<group>"; };
		BC0F44D61C999EA800894419 /* YUMoreTopicCell.xib */ = {isa = PBXFileReference; fileEncoding = 4; lastKnownFileType = file.xib; path = YUMoreTopicCell.xib; sourceTree = "<group>"; };
		BC0F44D71C999EA800894419 /* YUScrollView.h */ = {isa = PBXFileReference; fileEncoding = 4; lastKnownFileType = sourcecode.c.h; path = YUScrollView.h; sourceTree = "<group>"; };
		BC0F44D81C999EA800894419 /* YUScrollView.m */ = {isa = PBXFileReference; fileEncoding = 4; lastKnownFileType = sourcecode.c.objc; path = YUScrollView.m; sourceTree = "<group>"; };
		BC0F44D91C999EA800894419 /* YUSelectionTopicCell.h */ = {isa = PBXFileReference; fileEncoding = 4; lastKnownFileType = sourcecode.c.h; path = YUSelectionTopicCell.h; sourceTree = "<group>"; };
		BC0F44DA1C999EA800894419 /* YUSelectionTopicCell.m */ = {isa = PBXFileReference; fileEncoding = 4; lastKnownFileType = sourcecode.c.objc; path = YUSelectionTopicCell.m; sourceTree = "<group>"; };
		BC0F44DB1C999EA800894419 /* YUSelectionTopicCell.xib */ = {isa = PBXFileReference; fileEncoding = 4; lastKnownFileType = file.xib; path = YUSelectionTopicCell.xib; sourceTree = "<group>"; };
		BC0F44DC1C999EA800894419 /* YUTopicHeaderView.h */ = {isa = PBXFileReference; fileEncoding = 4; lastKnownFileType = sourcecode.c.h; path = YUTopicHeaderView.h; sourceTree = "<group>"; };
		BC0F44DD1C999EA800894419 /* YUTopicHeaderView.m */ = {isa = PBXFileReference; fileEncoding = 4; lastKnownFileType = sourcecode.c.objc; path = YUTopicHeaderView.m; sourceTree = "<group>"; };
		BC0F44DE1C999EA800894419 /* YUDBManager.h */ = {isa = PBXFileReference; fileEncoding = 4; lastKnownFileType = sourcecode.c.h; path = YUDBManager.h; sourceTree = "<group>"; };
		BC0F44DF1C999EA800894419 /* YUDBManager.m */ = {isa = PBXFileReference; fileEncoding = 4; lastKnownFileType = sourcecode.c.objc; path = YUDBManager.m; sourceTree = "<group>"; };
		BC623B9E1C99A1DE00098459 /* libsqlite3.0.tbd */ = {isa = PBXFileReference; lastKnownFileType = "sourcecode.text-based-dylib-definition"; name = libsqlite3.0.tbd; path = usr/lib/libsqlite3.0.tbd; sourceTree = SDKROOT; };
		DA2701C71C9A3B4B00AC8205 /* WJHeaderAppraiseModel.h */ = {isa = PBXFileReference; fileEncoding = 4; lastKnownFileType = sourcecode.c.h; path = WJHeaderAppraiseModel.h; sourceTree = "<group>"; };
		DA2701C81C9A3B4B00AC8205 /* WJHeaderAppraiseModel.m */ = {isa = PBXFileReference; fileEncoding = 4; lastKnownFileType = sourcecode.c.objc; path = WJHeaderAppraiseModel.m; sourceTree = "<group>"; };
		DA2701CA1C9A3BFC00AC8205 /* WJContentAppraiseModel.h */ = {isa = PBXFileReference; fileEncoding = 4; lastKnownFileType = sourcecode.c.h; path = WJContentAppraiseModel.h; sourceTree = "<group>"; };
		DA2701CB1C9A3BFC00AC8205 /* WJContentAppraiseModel.m */ = {isa = PBXFileReference; fileEncoding = 4; lastKnownFileType = sourcecode.c.objc; path = WJContentAppraiseModel.m; sourceTree = "<group>"; };
		DA2701D11C9A434300AC8205 /* MKVedioDetailController.h */ = {isa = PBXFileReference; fileEncoding = 4; lastKnownFileType = sourcecode.c.h; path = MKVedioDetailController.h; sourceTree = "<group>"; };
		DA2701D21C9A434300AC8205 /* MKVedioDetailController.m */ = {isa = PBXFileReference; fileEncoding = 4; lastKnownFileType = sourcecode.c.objc; path = MKVedioDetailController.m; sourceTree = "<group>"; };
		DA2701D31C9A434300AC8205 /* MKVediosModel.h */ = {isa = PBXFileReference; fileEncoding = 4; lastKnownFileType = sourcecode.c.h; path = MKVediosModel.h; sourceTree = "<group>"; };
		DA2701D41C9A434300AC8205 /* MKVediosModel.m */ = {isa = PBXFileReference; fileEncoding = 4; lastKnownFileType = sourcecode.c.objc; path = MKVediosModel.m; sourceTree = "<group>"; };
		DA2701DD1C9A437200AC8205 /* MKVideoCell.h */ = {isa = PBXFileReference; fileEncoding = 4; lastKnownFileType = sourcecode.c.h; path = MKVideoCell.h; sourceTree = "<group>"; };
		DA2701DE1C9A437200AC8205 /* MKVideoCell.m */ = {isa = PBXFileReference; fileEncoding = 4; lastKnownFileType = sourcecode.c.objc; path = MKVideoCell.m; sourceTree = "<group>"; };
		DA2701DF1C9A437200AC8205 /* MKVideoCell.xib */ = {isa = PBXFileReference; fileEncoding = 4; lastKnownFileType = file.xib; path = MKVideoCell.xib; sourceTree = "<group>"; };
		DA2701E21C9A438B00AC8205 /* CarPreferentialController.h */ = {isa = PBXFileReference; fileEncoding = 4; lastKnownFileType = sourcecode.c.h; path = CarPreferentialController.h; sourceTree = "<group>"; };
		DA2701E31C9A438B00AC8205 /* CarPreferentialController.m */ = {isa = PBXFileReference; fileEncoding = 4; lastKnownFileType = sourcecode.c.objc; path = CarPreferentialController.m; sourceTree = "<group>"; };
		DA2B4C201C99B12D001DE451 /* CCPicViewController.h */ = {isa = PBXFileReference; fileEncoding = 4; lastKnownFileType = sourcecode.c.h; path = CCPicViewController.h; sourceTree = "<group>"; };
		DA2B4C211C99B12D001DE451 /* CCPicViewController.m */ = {isa = PBXFileReference; fileEncoding = 4; lastKnownFileType = sourcecode.c.objc; path = CCPicViewController.m; sourceTree = "<group>"; };
		DA2B4C221C99B12D001DE451 /* WJPraiseViewController.h */ = {isa = PBXFileReference; fileEncoding = 4; lastKnownFileType = sourcecode.c.h; path = WJPraiseViewController.h; sourceTree = "<group>"; };
		DA2B4C231C99B12D001DE451 /* WJPraiseViewController.h.m */ = {isa = PBXFileReference; fileEncoding = 4; lastKnownFileType = sourcecode.c.objc; path = WJPraiseViewController.h.m; sourceTree = "<group>"; };
		DA2B4C241C99B12D001DE451 /* WJPublicViewController.h */ = {isa = PBXFileReference; fileEncoding = 4; lastKnownFileType = sourcecode.c.h; path = WJPublicViewController.h; sourceTree = "<group>"; };
		DA2B4C251C99B12D001DE451 /* WJPublicViewController.m */ = {isa = PBXFileReference; fileEncoding = 4; lastKnownFileType = sourcecode.c.objc; path = WJPublicViewController.m; sourceTree = "<group>"; };
		DA2B4C261C99B12D001DE451 /* YuArticleViewController.h */ = {isa = PBXFileReference; fileEncoding = 4; lastKnownFileType = sourcecode.c.h; path = YuArticleViewController.h; sourceTree = "<group>"; };
		DA2B4C271C99B12D001DE451 /* YuArticleViewController.m */ = {isa = PBXFileReference; fileEncoding = 4; lastKnownFileType = sourcecode.c.objc; path = YuArticleViewController.m; sourceTree = "<group>"; };
		DA2B4C281C99B12D001DE451 /* YuForumViewController.h */ = {isa = PBXFileReference; fileEncoding = 4; lastKnownFileType = sourcecode.c.h; path = YuForumViewController.h; sourceTree = "<group>"; };
		DA2B4C291C99B12D001DE451 /* YuForumViewController.m */ = {isa = PBXFileReference; fileEncoding = 4; lastKnownFileType = sourcecode.c.objc; path = YuForumViewController.m; sourceTree = "<group>"; };
		DA2B4C2A1C99B12D001DE451 /* YuSummarizeController.h */ = {isa = PBXFileReference; fileEncoding = 4; lastKnownFileType = sourcecode.c.h; path = YuSummarizeController.h; sourceTree = "<group>"; };
		DA2B4C2B1C99B12D001DE451 /* YuSummarizeController.m */ = {isa = PBXFileReference; fileEncoding = 4; lastKnownFileType = sourcecode.c.objc; path = YuSummarizeController.m; sourceTree = "<group>"; };
		DA2B4C321C99B1F9001DE451 /* WJScrollTitleView.h */ = {isa = PBXFileReference; fileEncoding = 4; lastKnownFileType = sourcecode.c.h; path = WJScrollTitleView.h; sourceTree = "<group>"; };
		DA2B4C331C99B1F9001DE451 /* WJScrollTitleView.m */ = {isa = PBXFileReference; fileEncoding = 4; lastKnownFileType = sourcecode.c.objc; path = WJScrollTitleView.m; sourceTree = "<group>"; };
		DA2B4C351C99B203001DE451 /* WJConstraintModel.h */ = {isa = PBXFileReference; fileEncoding = 4; lastKnownFileType = sourcecode.c.h; path = WJConstraintModel.h; sourceTree = "<group>"; };
		DA2B4C361C99B203001DE451 /* WJConstraintModel.m */ = {isa = PBXFileReference; fileEncoding = 4; lastKnownFileType = sourcecode.c.objc; path = WJConstraintModel.m; sourceTree = "<group>"; };
		DA3B5CAD1C93BF7A001997C8 /* Foundation+Log.m */ = {isa = PBXFileReference; fileEncoding = 4; lastKnownFileType = sourcecode.c.objc; path = "Foundation+Log.m"; sourceTree = "<group>"; };
		DA3B5CAE1C93BF7A001997C8 /* NSDate+WJExtension.h */ = {isa = PBXFileReference; fileEncoding = 4; lastKnownFileType = sourcecode.c.h; path = "NSDate+WJExtension.h"; sourceTree = "<group>"; };
		DA3B5CAF1C93BF7A001997C8 /* NSDate+WJExtension.m */ = {isa = PBXFileReference; fileEncoding = 4; lastKnownFileType = sourcecode.c.objc; path = "NSDate+WJExtension.m"; sourceTree = "<group>"; };
		DA3B5CB01C93BF7A001997C8 /* NSString+StringFromNumber.h */ = {isa = PBXFileReference; fileEncoding = 4; lastKnownFileType = sourcecode.c.h; path = "NSString+StringFromNumber.h"; sourceTree = "<group>"; };
		DA3B5CB11C93BF7A001997C8 /* NSString+StringFromNumber.m */ = {isa = PBXFileReference; fileEncoding = 4; lastKnownFileType = sourcecode.c.objc; path = "NSString+StringFromNumber.m"; sourceTree = "<group>"; };
		DA3B5CB21C93BF7A001997C8 /* UIBarButtonItem+WJExtension.h */ = {isa = PBXFileReference; fileEncoding = 4; lastKnownFileType = sourcecode.c.h; path = "UIBarButtonItem+WJExtension.h"; sourceTree = "<group>"; };
		DA3B5CB31C93BF7A001997C8 /* UIBarButtonItem+WJExtension.m */ = {isa = PBXFileReference; fileEncoding = 4; lastKnownFileType = sourcecode.c.objc; path = "UIBarButtonItem+WJExtension.m"; sourceTree = "<group>"; };
		DA3B5CB41C93BF7A001997C8 /* UIImage+cirlcle.h */ = {isa = PBXFileReference; fileEncoding = 4; lastKnownFileType = sourcecode.c.h; path = "UIImage+cirlcle.h"; sourceTree = "<group>"; };
		DA3B5CB51C93BF7A001997C8 /* UIImage+cirlcle.m */ = {isa = PBXFileReference; fileEncoding = 4; lastKnownFileType = sourcecode.c.objc; path = "UIImage+cirlcle.m"; sourceTree = "<group>"; };
		DA3B5CB61C93BF7A001997C8 /* UIImage+reSize.h */ = {isa = PBXFileReference; fileEncoding = 4; lastKnownFileType = sourcecode.c.h; path = "UIImage+reSize.h"; sourceTree = "<group>"; };
		DA3B5CB71C93BF7A001997C8 /* UIImage+reSize.m */ = {isa = PBXFileReference; fileEncoding = 4; lastKnownFileType = sourcecode.c.objc; path = "UIImage+reSize.m"; sourceTree = "<group>"; };
		DA3B5CB81C93BF7A001997C8 /* UIImageView+downloadImage.h */ = {isa = PBXFileReference; fileEncoding = 4; lastKnownFileType = sourcecode.c.h; path = "UIImageView+downloadImage.h"; sourceTree = "<group>"; };
		DA3B5CB91C93BF7A001997C8 /* UIImageView+downloadImage.m */ = {isa = PBXFileReference; fileEncoding = 4; lastKnownFileType = sourcecode.c.objc; path = "UIImageView+downloadImage.m"; sourceTree = "<group>"; };
		DA3B5CBA1C93BF7A001997C8 /* UIView+WJExtension.h */ = {isa = PBXFileReference; fileEncoding = 4; lastKnownFileType = sourcecode.c.h; path = "UIView+WJExtension.h"; sourceTree = "<group>"; };
		DA3B5CBB1C93BF7A001997C8 /* UIView+WJExtension.m */ = {isa = PBXFileReference; fileEncoding = 4; lastKnownFileType = sourcecode.c.objc; path = "UIView+WJExtension.m"; sourceTree = "<group>"; };
		DA3B5CBD1C93BF7A001997C8 /* LLCarTypeDetailController.h */ = {isa = PBXFileReference; fileEncoding = 4; lastKnownFileType = sourcecode.c.h; path = LLCarTypeDetailController.h; sourceTree = "<group>"; };
		DA3B5CBE1C93BF7A001997C8 /* LLCarTypeDetailController.m */ = {isa = PBXFileReference; fileEncoding = 4; lastKnownFileType = sourcecode.c.objc; path = LLCarTypeDetailController.m; sourceTree = "<group>"; };
		DA3B5CBF1C93BF7A001997C8 /* WJNavgationController.h */ = {isa = PBXFileReference; fileEncoding = 4; lastKnownFileType = sourcecode.c.h; path = WJNavgationController.h; sourceTree = "<group>"; };
		DA3B5CC01C93BF7A001997C8 /* WJNavgationController.m */ = {isa = PBXFileReference; fileEncoding = 4; lastKnownFileType = sourcecode.c.objc; path = WJNavgationController.m; sourceTree = "<group>"; };
		DA3B5CC11C93BF7A001997C8 /* WJTabBarController.h */ = {isa = PBXFileReference; fileEncoding = 4; lastKnownFileType = sourcecode.c.h; path = WJTabBarController.h; sourceTree = "<group>"; };
		DA3B5CC21C93BF7A001997C8 /* WJTabBarController.m */ = {isa = PBXFileReference; fileEncoding = 4; lastKnownFileType = sourcecode.c.objc; path = WJTabBarController.m; sourceTree = "<group>"; };
		DA3B5CC41C93BF7A001997C8 /* WJHttpTool.h */ = {isa = PBXFileReference; fileEncoding = 4; lastKnownFileType = sourcecode.c.h; path = WJHttpTool.h; sourceTree = "<group>"; };
		DA3B5CC51C93BF7A001997C8 /* WJHttpTool.m */ = {isa = PBXFileReference; fileEncoding = 4; lastKnownFileType = sourcecode.c.objc; path = WJHttpTool.m; sourceTree = "<group>"; };
		DA3B5CC81C93BF7A001997C8 /* LLCarOffSaleListModel.h */ = {isa = PBXFileReference; fileEncoding = 4; lastKnownFileType = sourcecode.c.h; path = LLCarOffSaleListModel.h; sourceTree = "<group>"; };
		DA3B5CC91C93BF7A001997C8 /* LLCarOffSaleListModel.m */ = {isa = PBXFileReference; fileEncoding = 4; lastKnownFileType = sourcecode.c.objc; path = LLCarOffSaleListModel.m; sourceTree = "<group>"; };
		DA3B5CCA1C93BF7A001997C8 /* LLCarTypeInfoModel.h */ = {isa = PBXFileReference; fileEncoding = 4; lastKnownFileType = sourcecode.c.h; path = LLCarTypeInfoModel.h; sourceTree = "<group>"; };
		DA3B5CCB1C93BF7A001997C8 /* LLCarTypeInfoModel.m */ = {isa = PBXFileReference; fileEncoding = 4; lastKnownFileType = sourcecode.c.objc; path = LLCarTypeInfoModel.m; sourceTree = "<group>"; };
		DA3B5CCC1C93BF7A001997C8 /* LLCarTypeVersionModel.h */ = {isa = PBXFileReference; fileEncoding = 4; lastKnownFileType = sourcecode.c.h; path = LLCarTypeVersionModel.h; sourceTree = "<group>"; };
		DA3B5CCD1C93BF7A001997C8 /* LLCarTypeVersionModel.m */ = {isa = PBXFileReference; fileEncoding = 4; lastKnownFileType = sourcecode.c.objc; path = LLCarTypeVersionModel.m; sourceTree = "<group>"; };
		DA825BC31C92E86B000C5EE4 /* WJSpecialController.h */ = {isa = PBXFileReference; fileEncoding = 4; lastKnownFileType = sourcecode.c.h; path = WJSpecialController.h; sourceTree = "<group>"; };
		DA825BC41C92E86B000C5EE4 /* WJSpecialController.m */ = {isa = PBXFileReference; fileEncoding = 4; lastKnownFileType = sourcecode.c.objc; path = WJSpecialController.m; sourceTree = "<group>"; };
		DA825BD81C92E86B000C5EE4 /* WJConsultingResult.h */ = {isa = PBXFileReference; fileEncoding = 4; lastKnownFileType = sourcecode.c.h; path = WJConsultingResult.h; sourceTree = "<group>"; };
		DA825BD91C92E86B000C5EE4 /* WJConsultingResult.m */ = {isa = PBXFileReference; fileEncoding = 4; lastKnownFileType = sourcecode.c.objc; path = WJConsultingResult.m; sourceTree = "<group>"; };
		DA825BDA1C92E86B000C5EE4 /* WJSUVResult.h */ = {isa = PBXFileReference; fileEncoding = 4; lastKnownFileType = sourcecode.c.h; path = WJSUVResult.h; sourceTree = "<group>"; };
		DA825BDB1C92E86B000C5EE4 /* WJSUVResult.m */ = {isa = PBXFileReference; fileEncoding = 4; lastKnownFileType = sourcecode.c.objc; path = WJSUVResult.m; sourceTree = "<group>"; };
		DA825BDE1C92E86B000C5EE4 /* WJConsultingCell.h */ = {isa = PBXFileReference; fileEncoding = 4; lastKnownFileType = sourcecode.c.h; path = WJConsultingCell.h; sourceTree = "<group>"; };
		DA825BDF1C92E86B000C5EE4 /* WJConsultingCell.m */ = {isa = PBXFileReference; fileEncoding = 4; lastKnownFileType = sourcecode.c.objc; path = WJConsultingCell.m; sourceTree = "<group>"; };
		DA825BE01C92E86B000C5EE4 /* WJConsultingCell.xib */ = {isa = PBXFileReference; fileEncoding = 4; lastKnownFileType = file.xib; path = WJConsultingCell.xib; sourceTree = "<group>"; };
		DA825BE11C92E86B000C5EE4 /* WJFindHotCell.h */ = {isa = PBXFileReference; fileEncoding = 4; lastKnownFileType = sourcecode.c.h; path = WJFindHotCell.h; sourceTree = "<group>"; };
		DA825BE21C92E86B000C5EE4 /* WJFindHotCell.m */ = {isa = PBXFileReference; fileEncoding = 4; lastKnownFileType = sourcecode.c.objc; path = WJFindHotCell.m; sourceTree = "<group>"; };
		DA825BE31C92E86B000C5EE4 /* WJFindHotCell.xib */ = {isa = PBXFileReference; fileEncoding = 4; lastKnownFileType = file.xib; path = WJFindHotCell.xib; sourceTree = "<group>"; };
		DA825BE51C92E86B000C5EE4 /* WJContainerView.h */ = {isa = PBXFileReference; fileEncoding = 4; lastKnownFileType = sourcecode.c.h; path = WJContainerView.h; sourceTree = "<group>"; };
		DA825BE61C92E86B000C5EE4 /* WJContainerView.m */ = {isa = PBXFileReference; fileEncoding = 4; lastKnownFileType = sourcecode.c.objc; path = WJContainerView.m; sourceTree = "<group>"; };
		DA825BE81C92E86B000C5EE4 /* WJHeaderView.h */ = {isa = PBXFileReference; fileEncoding = 4; lastKnownFileType = sourcecode.c.h; path = WJHeaderView.h; sourceTree = "<group>"; };
		DA825BE91C92E86B000C5EE4 /* WJHeaderView.m */ = {isa = PBXFileReference; fileEncoding = 4; lastKnownFileType = sourcecode.c.objc; path = WJHeaderView.m; sourceTree = "<group>"; };
		DA825BEB1C92E86B000C5EE4 /* WJProgressView.h */ = {isa = PBXFileReference; fileEncoding = 4; lastKnownFileType = sourcecode.c.h; path = WJProgressView.h; sourceTree = "<group>"; };
		DA825BEC1C92E86B000C5EE4 /* WJProgressView.m */ = {isa = PBXFileReference; fileEncoding = 4; lastKnownFileType = sourcecode.c.objc; path = WJProgressView.m; sourceTree = "<group>"; };
		DA825BED1C92E86B000C5EE4 /* WJVerticalButton.h */ = {isa = PBXFileReference; fileEncoding = 4; lastKnownFileType = sourcecode.c.h; path = WJVerticalButton.h; sourceTree = "<group>"; };
		DA825BEE1C92E86B000C5EE4 /* WJVerticalButton.m */ = {isa = PBXFileReference; fileEncoding = 4; lastKnownFileType = sourcecode.c.objc; path = WJVerticalButton.m; sourceTree = "<group>"; };
		DA825BF11C92E86B000C5EE4 /* CarFindController.h */ = {isa = PBXFileReference; fileEncoding = 4; lastKnownFileType = sourcecode.c.h; path = CarFindController.h; sourceTree = "<group>"; };
		DA825BF21C92E86B000C5EE4 /* CarFindController.m */ = {isa = PBXFileReference; fileEncoding = 4; lastKnownFileType = sourcecode.c.objc; path = CarFindController.m; sourceTree = "<group>"; };
		DA825C931C92EAD2000C5EE4 /* CarConsultingController.h */ = {isa = PBXFileReference; fileEncoding = 4; lastKnownFileType = sourcecode.c.h; path = CarConsultingController.h; sourceTree = "<group>"; };
		DA825C941C92EAD2000C5EE4 /* CarConsultingController.m */ = {isa = PBXFileReference; fileEncoding = 4; lastKnownFileType = sourcecode.c.objc; path = CarConsultingController.m; sourceTree = "<group>"; };
		DA825C9C1C92EB7E000C5EE4 /* WJArrangeController.h */ = {isa = PBXFileReference; fileEncoding = 4; lastKnownFileType = sourcecode.c.h; path = WJArrangeController.h; sourceTree = "<group>"; };
		DA825C9D1C92EB7E000C5EE4 /* WJArrangeController.m */ = {isa = PBXFileReference; fileEncoding = 4; lastKnownFileType = sourcecode.c.objc; path = WJArrangeController.m; sourceTree = "<group>"; };
		DA89F3441C92FDCE003D5AF8 /* WJFindCarResult.h */ = {isa = PBXFileReference; fileEncoding = 4; lastKnownFileType = sourcecode.c.h; path = WJFindCarResult.h; sourceTree = "<group>"; };
		DA89F3451C92FDCE003D5AF8 /* WJFindCarResult.m */ = {isa = PBXFileReference; fileEncoding = 4; lastKnownFileType = sourcecode.c.objc; path = WJFindCarResult.m; sourceTree = "<group>"; };
		DA89F34B1C92FE85003D5AF8 /* WJFindCarController.h */ = {isa = PBXFileReference; fileEncoding = 4; lastKnownFileType = sourcecode.c.h; path = WJFindCarController.h; sourceTree = "<group>"; };
		DA89F34C1C92FE85003D5AF8 /* WJFindCarController.m */ = {isa = PBXFileReference; fileEncoding = 4; lastKnownFileType = sourcecode.c.objc; path = WJFindCarController.m; sourceTree = "<group>"; };
		DA89F34D1C92FE85003D5AF8 /* WJHotCarController.h */ = {isa = PBXFileReference; fileEncoding = 4; lastKnownFileType = sourcecode.c.h; path = WJHotCarController.h; sourceTree = "<group>"; };
		DA89F34E1C92FE85003D5AF8 /* WJHotCarController.m */ = {isa = PBXFileReference; fileEncoding = 4; lastKnownFileType = sourcecode.c.objc; path = WJHotCarController.m; sourceTree = "<group>"; };
		DA89F34F1C92FE85003D5AF8 /* WJWebViewController.h */ = {isa = PBXFileReference; fileEncoding = 4; lastKnownFileType = sourcecode.c.h; path = WJWebViewController.h; sourceTree = "<group>"; };
		DA89F3501C92FE85003D5AF8 /* WJWebViewController.m */ = {isa = PBXFileReference; fileEncoding = 4; lastKnownFileType = sourcecode.c.objc; path = WJWebViewController.m; sourceTree = "<group>"; };
		DA89F3541C93009B003D5AF8 /* WJWaterFlowLayout.h */ = {isa = PBXFileReference; fileEncoding = 4; lastKnownFileType = sourcecode.c.h; path = WJWaterFlowLayout.h; sourceTree = "<group>"; };
		DA89F3551C93009B003D5AF8 /* WJWaterFlowLayout.m */ = {isa = PBXFileReference; fileEncoding = 4; lastKnownFileType = sourcecode.c.objc; path = WJWaterFlowLayout.m; sourceTree = "<group>"; };
		DA89F3571C9301B4003D5AF8 /* WJCollectionViewCell.h */ = {isa = PBXFileReference; fileEncoding = 4; lastKnownFileType = sourcecode.c.h; path = WJCollectionViewCell.h; sourceTree = "<group>"; };
		DA89F3581C9301B4003D5AF8 /* WJCollectionViewCell.m */ = {isa = PBXFileReference; fileEncoding = 4; lastKnownFileType = sourcecode.c.objc; path = WJCollectionViewCell.m; sourceTree = "<group>"; };
		DA89F3591C9301B4003D5AF8 /* WJCollectionViewCell.xib */ = {isa = PBXFileReference; fileEncoding = 4; lastKnownFileType = file.xib; path = WJCollectionViewCell.xib; sourceTree = "<group>"; };
		DAE93A021C8E75B900F03A67 /* fashionDance.app */ = {isa = PBXFileReference; explicitFileType = wrapper.application; includeInIndex = 0; path = fashionDance.app; sourceTree = BUILT_PRODUCTS_DIR; };
		DAE93A061C8E75B900F03A67 /* main.m */ = {isa = PBXFileReference; lastKnownFileType = sourcecode.c.objc; path = main.m; sourceTree = "<group>"; };
		DAE93A081C8E75B900F03A67 /* AppDelegate.h */ = {isa = PBXFileReference; lastKnownFileType = sourcecode.c.h; path = AppDelegate.h; sourceTree = "<group>"; };
		DAE93A091C8E75B900F03A67 /* AppDelegate.m */ = {isa = PBXFileReference; lastKnownFileType = sourcecode.c.objc; path = AppDelegate.m; sourceTree = "<group>"; };
		DAE93A0F1C8E75B900F03A67 /* Base */ = {isa = PBXFileReference; lastKnownFileType = file.storyboard; name = Base; path = Base.lproj/Main.storyboard; sourceTree = "<group>"; };
		DAE93A111C8E75B900F03A67 /* Assets.xcassets */ = {isa = PBXFileReference; lastKnownFileType = folder.assetcatalog; path = Assets.xcassets; sourceTree = "<group>"; };
		DAE93A141C8E75B900F03A67 /* Base */ = {isa = PBXFileReference; lastKnownFileType = file.storyboard; name = Base; path = Base.lproj/LaunchScreen.storyboard; sourceTree = "<group>"; };
		DAE93A161C8E75B900F03A67 /* Info.plist */ = {isa = PBXFileReference; lastKnownFileType = text.plist.xml; path = Info.plist; sourceTree = "<group>"; };
		DAE93A1B1C8E75B900F03A67 /* fashionDanceTests.xctest */ = {isa = PBXFileReference; explicitFileType = wrapper.cfbundle; includeInIndex = 0; path = fashionDanceTests.xctest; sourceTree = BUILT_PRODUCTS_DIR; };
		DAE93A1F1C8E75B900F03A67 /* fashionDanceTests.m */ = {isa = PBXFileReference; lastKnownFileType = sourcecode.c.objc; path = fashionDanceTests.m; sourceTree = "<group>"; };
		DAE93A211C8E75B900F03A67 /* Info.plist */ = {isa = PBXFileReference; lastKnownFileType = text.plist.xml; path = Info.plist; sourceTree = "<group>"; };
		DAE93A261C8E75B900F03A67 /* fashionDanceUITests.xctest */ = {isa = PBXFileReference; explicitFileType = wrapper.cfbundle; includeInIndex = 0; path = fashionDanceUITests.xctest; sourceTree = BUILT_PRODUCTS_DIR; };
		DAE93A2A1C8E75B900F03A67 /* fashionDanceUITests.m */ = {isa = PBXFileReference; lastKnownFileType = sourcecode.c.objc; path = fashionDanceUITests.m; sourceTree = "<group>"; };
		DAE93A2C1C8E75B900F03A67 /* Info.plist */ = {isa = PBXFileReference; lastKnownFileType = text.plist.xml; path = Info.plist; sourceTree = "<group>"; };
		DAE93A591C8E77A600F03A67 /* WJConst.h */ = {isa = PBXFileReference; fileEncoding = 4; lastKnownFileType = sourcecode.c.h; path = WJConst.h; sourceTree = "<group>"; };
		DAE93A5A1C8E77A600F03A67 /* WJConst.m */ = {isa = PBXFileReference; fileEncoding = 4; lastKnownFileType = sourcecode.c.objc; path = WJConst.m; sourceTree = "<group>"; };
		DAE93A5C1C8E77BB00F03A67 /* singleton.h */ = {isa = PBXFileReference; fileEncoding = 4; lastKnownFileType = sourcecode.c.h; path = singleton.h; sourceTree = "<group>"; };
		DAE93A5D1C8E77BB00F03A67 /* PrefixHeader.pch */ = {isa = PBXFileReference; fileEncoding = 4; lastKnownFileType = sourcecode.c.h; path = PrefixHeader.pch; sourceTree = "<group>"; };
		FC457DBB1C98064C00DDB531 /* TSDrawView.h */ = {isa = PBXFileReference; fileEncoding = 4; lastKnownFileType = sourcecode.c.h; path = TSDrawView.h; sourceTree = "<group>"; };
		FC457DBC1C98064C00DDB531 /* TSDrawView.m */ = {isa = PBXFileReference; fileEncoding = 4; lastKnownFileType = sourcecode.c.objc; path = TSDrawView.m; sourceTree = "<group>"; };
		FC457DBE1C98162700DDB531 /* WJConsultingNoPicCell.h */ = {isa = PBXFileReference; fileEncoding = 4; lastKnownFileType = sourcecode.c.h; path = WJConsultingNoPicCell.h; sourceTree = "<group>"; };
		FC457DBF1C98162700DDB531 /* WJConsultingNoPicCell.m */ = {isa = PBXFileReference; fileEncoding = 4; lastKnownFileType = sourcecode.c.objc; path = WJConsultingNoPicCell.m; sourceTree = "<group>"; };
		FC457DC11C98162D00DDB531 /* WJConsultingNoPicCell.xib */ = {isa = PBXFileReference; fileEncoding = 4; lastKnownFileType = file.xib; path = WJConsultingNoPicCell.xib; sourceTree = "<group>"; };
		FC457DC81C98168700DDB531 /* SWBrandHeadView.h */ = {isa = PBXFileReference; fileEncoding = 4; lastKnownFileType = sourcecode.c.h; path = SWBrandHeadView.h; sourceTree = "<group>"; };
		FC457DC91C98168700DDB531 /* SWBrandHeadView.m */ = {isa = PBXFileReference; fileEncoding = 4; lastKnownFileType = sourcecode.c.objc; path = SWBrandHeadView.m; sourceTree = "<group>"; };
		FC457DCB1C9816A200DDB531 /* SWSectionModel.h */ = {isa = PBXFileReference; fileEncoding = 4; lastKnownFileType = sourcecode.c.h; path = SWSectionModel.h; sourceTree = "<group>"; };
		FC457DCC1C9816A200DDB531 /* SWSectionModel.m */ = {isa = PBXFileReference; fileEncoding = 4; lastKnownFileType = sourcecode.c.objc; path = SWSectionModel.m; sourceTree = "<group>"; };
		FC457DCE1C9816AF00DDB531 /* SWCarCell.h */ = {isa = PBXFileReference; fileEncoding = 4; lastKnownFileType = sourcecode.c.h; path = SWCarCell.h; sourceTree = "<group>"; };
		FC457DCF1C9816AF00DDB531 /* SWCarCell.m */ = {isa = PBXFileReference; fileEncoding = 4; lastKnownFileType = sourcecode.c.objc; path = SWCarCell.m; sourceTree = "<group>"; };
		FC457DD01C9816AF00DDB531 /* SWCarCell.xib */ = {isa = PBXFileReference; fileEncoding = 4; lastKnownFileType = file.xib; path = SWCarCell.xib; sourceTree = "<group>"; };
		FC457DD31C983CA200DDB531 /* TSTitleList.plist */ = {isa = PBXFileReference; fileEncoding = 4; lastKnownFileType = text.plist.xml; path = TSTitleList.plist; sourceTree = "<group>"; };
		FC457DD51C983D3800DDB531 /* TSConfigList.plist */ = {isa = PBXFileReference; fileEncoding = 4; lastKnownFileType = text.plist.xml; path = TSConfigList.plist; sourceTree = "<group>"; };
		FC457DD71C98413100DDB531 /* TSTitleCell.h */ = {isa = PBXFileReference; fileEncoding = 4; lastKnownFileType = sourcecode.c.h; path = TSTitleCell.h; sourceTree = "<group>"; };
		FC457DD81C98413100DDB531 /* TSTitleCell.m */ = {isa = PBXFileReference; fileEncoding = 4; lastKnownFileType = sourcecode.c.objc; path = TSTitleCell.m; sourceTree = "<group>"; };
		FC457DD91C98413100DDB531 /* TSTitleCell.xib */ = {isa = PBXFileReference; fileEncoding = 4; lastKnownFileType = file.xib; path = TSTitleCell.xib; sourceTree = "<group>"; };
		FC457DDC1C9847E600DDB531 /* TSSpecificController.h */ = {isa = PBXFileReference; fileEncoding = 4; lastKnownFileType = sourcecode.c.h; path = TSSpecificController.h; sourceTree = "<group>"; };
		FC457DDD1C9847E600DDB531 /* TSSpecificController.m */ = {isa = PBXFileReference; fileEncoding = 4; lastKnownFileType = sourcecode.c.objc; path = TSSpecificController.m; sourceTree = "<group>"; };
		FCCB845C1C96AF1A005EA1AA /* brand_list.json */ = {isa = PBXFileReference; fileEncoding = 4; lastKnownFileType = text.json; path = brand_list.json; sourceTree = "<group>"; };
		FCCB84631C96B0BB005EA1AA /* TSCarMod.h */ = {isa = PBXFileReference; fileEncoding = 4; lastKnownFileType = sourcecode.c.h; path = TSCarMod.h; sourceTree = "<group>"; };
		FCCB84641C96B0BB005EA1AA /* TSCarMod.m */ = {isa = PBXFileReference; fileEncoding = 4; lastKnownFileType = sourcecode.c.objc; path = TSCarMod.m; sourceTree = "<group>"; };
		FCCB84661C96B29E005EA1AA /* TSBrandCarController.h */ = {isa = PBXFileReference; fileEncoding = 4; lastKnownFileType = sourcecode.c.h; path = TSBrandCarController.h; sourceTree = "<group>"; };
		FCCB84671C96B29E005EA1AA /* TSBrandCarController.m */ = {isa = PBXFileReference; fileEncoding = 4; lastKnownFileType = sourcecode.c.objc; path = TSBrandCarController.m; sourceTree = "<group>"; };
		FCCB84691C96F745005EA1AA /* TSTJZCController.h */ = {isa = PBXFileReference; fileEncoding = 4; lastKnownFileType = sourcecode.c.h; path = TSTJZCController.h; sourceTree = "<group>"; };
		FCCB846A1C96F745005EA1AA /* TSTJZCController.m */ = {isa = PBXFileReference; fileEncoding = 4; lastKnownFileType = sourcecode.c.objc; path = TSTJZCController.m; sourceTree = "<group>"; };
		FCCB846C1C970122005EA1AA /* CarData.plist */ = {isa = PBXFileReference; fileEncoding = 4; lastKnownFileType = text.plist.xml; path = CarData.plist; sourceTree = "<group>"; };
		FCCF82721C995DC300F12B8C /* TSSXTableController.h */ = {isa = PBXFileReference; fileEncoding = 4; lastKnownFileType = sourcecode.c.h; path = TSSXTableController.h; sourceTree = "<group>"; };
		FCCF82731C995DC300F12B8C /* TSSXTableController.m */ = {isa = PBXFileReference; fileEncoding = 4; lastKnownFileType = sourcecode.c.objc; path = TSSXTableController.m; sourceTree = "<group>"; };
		FCCF82751C99628100F12B8C /* TSSXCarModel.h */ = {isa = PBXFileReference; fileEncoding = 4; lastKnownFileType = sourcecode.c.h; path = TSSXCarModel.h; sourceTree = "<group>"; };
		FCCF82761C99628100F12B8C /* TSSXCarModel.m */ = {isa = PBXFileReference; fileEncoding = 4; lastKnownFileType = sourcecode.c.objc; path = TSSXCarModel.m; sourceTree = "<group>"; };
		FCCF827C1C997DE600F12B8C /* TSXCCell.h */ = {isa = PBXFileReference; fileEncoding = 4; lastKnownFileType = sourcecode.c.h; path = TSXCCell.h; sourceTree = "<group>"; };
		FCCF827D1C997DE600F12B8C /* TSXCCell.m */ = {isa = PBXFileReference; fileEncoding = 4; lastKnownFileType = sourcecode.c.objc; path = TSXCCell.m; sourceTree = "<group>"; };
		FCCF827E1C997DE600F12B8C /* TSXCCell.xib */ = {isa = PBXFileReference; fileEncoding = 4; lastKnownFileType = file.xib; path = TSXCCell.xib; sourceTree = "<group>"; };
/* End PBXFileReference section */

/* Begin PBXFrameworksBuildPhase section */
		DAE939FF1C8E75B900F03A67 /* Frameworks */ = {
			isa = PBXFrameworksBuildPhase;
			buildActionMask = 2147483647;
			files = (
				BC623B9F1C99A1DE00098459 /* libsqlite3.0.tbd in Frameworks */,
				A68FAFEFF4F4A49290AF4C6D /* libPods.a in Frameworks */,
			);
			runOnlyForDeploymentPostprocessing = 0;
		};
		DAE93A181C8E75B900F03A67 /* Frameworks */ = {
			isa = PBXFrameworksBuildPhase;
			buildActionMask = 2147483647;
			files = (
			);
			runOnlyForDeploymentPostprocessing = 0;
		};
		DAE93A231C8E75B900F03A67 /* Frameworks */ = {
			isa = PBXFrameworksBuildPhase;
			buildActionMask = 2147483647;
			files = (
			);
			runOnlyForDeploymentPostprocessing = 0;
		};
/* End PBXFrameworksBuildPhase section */

/* Begin PBXGroup section */
		BC0F44A91C999EA800894419 /* forum-论坛 */ = {
			isa = PBXGroup;
			children = (
				BC0F44AA1C999EA800894419 /* Controllers */,
				BC0F44B71C999EA800894419 /* FMDB */,
				BC0F44C51C999EA800894419 /* Models */,
				BC0F44CC1C999EA800894419 /* Views */,
				BC0F44DE1C999EA800894419 /* YUDBManager.h */,
				BC0F44DF1C999EA800894419 /* YUDBManager.m */,
			);
			path = "forum-论坛";
			sourceTree = "<group>";
		};
		BC0F44AA1C999EA800894419 /* Controllers */ = {
			isa = PBXGroup;
			children = (
				BC0F44AB1C999EA800894419 /* CarForumController.h */,
				BC0F44AC1C999EA800894419 /* CarForumController.m */,
				BC0F44AD1C999EA800894419 /* YUCategoryViewController.h */,
				BC0F44AE1C999EA800894419 /* YUCategoryViewController.m */,
				BC0F44AF1C999EA800894419 /* YUHotTopicViewController.h */,
				BC0F44B01C999EA800894419 /* YUHotTopicViewController.m */,
				BC0F44B11C999EA800894419 /* YUMoreTopicViewController.h */,
				BC0F44B21C999EA800894419 /* YUMoreTopicViewController.m */,
				BC0F44B31C999EA800894419 /* YUSelectionViewController.h */,
				BC0F44B41C999EA800894419 /* YUSelectionViewController.m */,
				BC0F44B51C999EA800894419 /* YUTopicWebViewController.h */,
				BC0F44B61C999EA800894419 /* YUTopicWebViewController.m */,
			);
			path = Controllers;
			sourceTree = "<group>";
		};
		BC0F44B71C999EA800894419 /* FMDB */ = {
			isa = PBXGroup;
			children = (
				BC0F44B81C999EA800894419 /* src */,
			);
			path = FMDB;
			sourceTree = "<group>";
		};
		BC0F44B81C999EA800894419 /* src */ = {
			isa = PBXGroup;
			children = (
				BC0F44B91C999EA800894419 /* fmdb */,
			);
			path = src;
			sourceTree = "<group>";
		};
		BC0F44B91C999EA800894419 /* fmdb */ = {
			isa = PBXGroup;
			children = (
				BC0F44BA1C999EA800894419 /* FMDatabase.h */,
				BC0F44BB1C999EA800894419 /* FMDatabase.m */,
				BC0F44BC1C999EA800894419 /* FMDatabaseAdditions.h */,
				BC0F44BD1C999EA800894419 /* FMDatabaseAdditions.m */,
				BC0F44BE1C999EA800894419 /* FMDatabasePool.h */,
				BC0F44BF1C999EA800894419 /* FMDatabasePool.m */,
				BC0F44C01C999EA800894419 /* FMDatabaseQueue.h */,
				BC0F44C11C999EA800894419 /* FMDatabaseQueue.m */,
				BC0F44C21C999EA800894419 /* FMDB.h */,
				BC0F44C31C999EA800894419 /* FMResultSet.h */,
				BC0F44C41C999EA800894419 /* FMResultSet.m */,
			);
			path = fmdb;
			sourceTree = "<group>";
		};
		BC0F44C51C999EA800894419 /* Models */ = {
			isa = PBXGroup;
			children = (
				BC0F44C61C999EA800894419 /* YUBannerListModel.h */,
				BC0F44C71C999EA800894419 /* YUBannerListModel.m */,
				BC0F44C81C999EA800894419 /* YUHotTopicModel.h */,
				BC0F44C91C999EA800894419 /* YUHotTopicModel.m */,
				BC0F44CA1C999EA800894419 /* YUSelectionTopic.h */,
				BC0F44CB1C999EA800894419 /* YUSelectionTopic.m */,
			);
			path = Models;
			sourceTree = "<group>";
		};
		BC0F44CC1C999EA800894419 /* Views */ = {
			isa = PBXGroup;
			children = (
				BC0F44CD1C999EA800894419 /* YUCollectionReusableView.h */,
				BC0F44CE1C999EA800894419 /* YUCollectionReusableView.m */,
				BC0F44CF1C999EA800894419 /* YUHotTopicCell.h */,
				BC0F44D01C999EA800894419 /* YUHotTopicCell.m */,
				BC0F44D11C999EA800894419 /* YUHotTopicCell.xib */,
				BC0F44D21C999EA800894419 /* YUImageCell.h */,
				BC0F44D31C999EA800894419 /* YUImageCell.m */,
				BC0F44D41C999EA800894419 /* YUMoreTopicCell.h */,
				BC0F44D51C999EA800894419 /* YUMoreTopicCell.m */,
				BC0F44D61C999EA800894419 /* YUMoreTopicCell.xib */,
				BC0F44D71C999EA800894419 /* YUScrollView.h */,
				BC0F44D81C999EA800894419 /* YUScrollView.m */,
				BC0F44D91C999EA800894419 /* YUSelectionTopicCell.h */,
				BC0F44DA1C999EA800894419 /* YUSelectionTopicCell.m */,
				BC0F44DB1C999EA800894419 /* YUSelectionTopicCell.xib */,
				BC0F44DC1C999EA800894419 /* YUTopicHeaderView.h */,
				BC0F44DD1C999EA800894419 /* YUTopicHeaderView.m */,
			);
			path = Views;
			sourceTree = "<group>";
		};
		D2848F50D929F27A8AF2F15B /* Frameworks */ = {
			isa = PBXGroup;
			children = (
				BC623B9E1C99A1DE00098459 /* libsqlite3.0.tbd */,
				6C2E3BD33B03E9DF56A54E8A /* libPods.a */,
			);
			name = Frameworks;
			sourceTree = "<group>";
		};
		DA2701CD1C9A434300AC8205 /* preferential-特惠 */ = {
			isa = PBXGroup;
			children = (
				DA2701CE1C9A434300AC8205 /* controller */,
				DA2701D31C9A434300AC8205 /* MKVediosModel.h */,
				DA2701D41C9A434300AC8205 /* MKVediosModel.m */,
				DA2701DD1C9A437200AC8205 /* MKVideoCell.h */,
				DA2701DE1C9A437200AC8205 /* MKVideoCell.m */,
				DA2701DF1C9A437200AC8205 /* MKVideoCell.xib */,
			);
			path = "preferential-特惠";
			sourceTree = "<group>";
		};
		DA2701CE1C9A434300AC8205 /* controller */ = {
			isa = PBXGroup;
			children = (
				DA2701E21C9A438B00AC8205 /* CarPreferentialController.h */,
				DA2701E31C9A438B00AC8205 /* CarPreferentialController.m */,
				DA2701D11C9A434300AC8205 /* MKVedioDetailController.h */,
				DA2701D21C9A434300AC8205 /* MKVedioDetailController.m */,
			);
			path = controller;
			sourceTree = "<group>";
		};
		DA2B4C1F1C99B12D001DE451 /* publicController */ = {
			isa = PBXGroup;
			children = (
				DA2B4C201C99B12D001DE451 /* CCPicViewController.h */,
				DA2B4C211C99B12D001DE451 /* CCPicViewController.m */,
				DA2B4C221C99B12D001DE451 /* WJPraiseViewController.h */,
				DA2B4C231C99B12D001DE451 /* WJPraiseViewController.h.m */,
				DA2B4C241C99B12D001DE451 /* WJPublicViewController.h */,
				DA2B4C251C99B12D001DE451 /* WJPublicViewController.m */,
				DA2B4C261C99B12D001DE451 /* YuArticleViewController.h */,
				DA2B4C271C99B12D001DE451 /* YuArticleViewController.m */,
				DA2B4C281C99B12D001DE451 /* YuForumViewController.h */,
				DA2B4C291C99B12D001DE451 /* YuForumViewController.m */,
				DA2B4C2A1C99B12D001DE451 /* YuSummarizeController.h */,
				DA2B4C2B1C99B12D001DE451 /* YuSummarizeController.m */,
			);
			path = publicController;
			sourceTree = "<group>";
		};
		DA3B5CAB1C93BF7A001997C8 /* Main-主要 */ = {
			isa = PBXGroup;
			children = (
				DA2B4C1F1C99B12D001DE451 /* publicController */,
				DA3B5CAC1C93BF7A001997C8 /* category */,
				DA3B5CBC1C93BF7A001997C8 /* controller */,
				DA3B5CC31C93BF7A001997C8 /* httptool */,
				DA3B5CC61C93BF7A001997C8 /* MJExetensionTool */,
				DA3B5CC71C93BF7A001997C8 /* model */,
				DA3B5CCE1C93BF7A001997C8 /* tool */,
				DA3B5CCF1C93BF7A001997C8 /* view */,
			);
			path = "Main-主要";
			sourceTree = "<group>";
		};
		DA3B5CAC1C93BF7A001997C8 /* category */ = {
			isa = PBXGroup;
			children = (
				DA3B5CAD1C93BF7A001997C8 /* Foundation+Log.m */,
				DA3B5CAE1C93BF7A001997C8 /* NSDate+WJExtension.h */,
				DA3B5CAF1C93BF7A001997C8 /* NSDate+WJExtension.m */,
				DA3B5CB01C93BF7A001997C8 /* NSString+StringFromNumber.h */,
				DA3B5CB11C93BF7A001997C8 /* NSString+StringFromNumber.m */,
				DA3B5CB21C93BF7A001997C8 /* UIBarButtonItem+WJExtension.h */,
				DA3B5CB31C93BF7A001997C8 /* UIBarButtonItem+WJExtension.m */,
				DA3B5CB41C93BF7A001997C8 /* UIImage+cirlcle.h */,
				DA3B5CB51C93BF7A001997C8 /* UIImage+cirlcle.m */,
				DA3B5CB61C93BF7A001997C8 /* UIImage+reSize.h */,
				DA3B5CB71C93BF7A001997C8 /* UIImage+reSize.m */,
				DA3B5CB81C93BF7A001997C8 /* UIImageView+downloadImage.h */,
				DA3B5CB91C93BF7A001997C8 /* UIImageView+downloadImage.m */,
				DA3B5CBA1C93BF7A001997C8 /* UIView+WJExtension.h */,
				DA3B5CBB1C93BF7A001997C8 /* UIView+WJExtension.m */,
			);
			path = category;
			sourceTree = "<group>";
		};
		DA3B5CBC1C93BF7A001997C8 /* controller */ = {
			isa = PBXGroup;
			children = (
				DA3B5CBD1C93BF7A001997C8 /* LLCarTypeDetailController.h */,
				DA3B5CBE1C93BF7A001997C8 /* LLCarTypeDetailController.m */,
				DA3B5CBF1C93BF7A001997C8 /* WJNavgationController.h */,
				DA3B5CC01C93BF7A001997C8 /* WJNavgationController.m */,
				DA3B5CC11C93BF7A001997C8 /* WJTabBarController.h */,
				DA3B5CC21C93BF7A001997C8 /* WJTabBarController.m */,
			);
			path = controller;
			sourceTree = "<group>";
		};
		DA3B5CC31C93BF7A001997C8 /* httptool */ = {
			isa = PBXGroup;
			children = (
				DA3B5CC41C93BF7A001997C8 /* WJHttpTool.h */,
				DA3B5CC51C93BF7A001997C8 /* WJHttpTool.m */,
			);
			path = httptool;
			sourceTree = "<group>";
		};
		DA3B5CC61C93BF7A001997C8 /* MJExetensionTool */ = {
			isa = PBXGroup;
			children = (
			);
			path = MJExetensionTool;
			sourceTree = "<group>";
		};
		DA3B5CC71C93BF7A001997C8 /* model */ = {
			isa = PBXGroup;
			children = (
				DA3B5CC81C93BF7A001997C8 /* LLCarOffSaleListModel.h */,
				DA3B5CC91C93BF7A001997C8 /* LLCarOffSaleListModel.m */,
				DA3B5CCA1C93BF7A001997C8 /* LLCarTypeInfoModel.h */,
				DA3B5CCB1C93BF7A001997C8 /* LLCarTypeInfoModel.m */,
				DA3B5CCC1C93BF7A001997C8 /* LLCarTypeVersionModel.h */,
				DA3B5CCD1C93BF7A001997C8 /* LLCarTypeVersionModel.m */,
				DA2701C71C9A3B4B00AC8205 /* WJHeaderAppraiseModel.h */,
				DA2701C81C9A3B4B00AC8205 /* WJHeaderAppraiseModel.m */,
				DA2701CA1C9A3BFC00AC8205 /* WJContentAppraiseModel.h */,
				DA2701CB1C9A3BFC00AC8205 /* WJContentAppraiseModel.m */,
			);
			path = model;
			sourceTree = "<group>";
		};
		DA3B5CCE1C93BF7A001997C8 /* tool */ = {
			isa = PBXGroup;
			children = (
			);
			path = tool;
			sourceTree = "<group>";
		};
		DA3B5CCF1C93BF7A001997C8 /* view */ = {
			isa = PBXGroup;
			children = (
			);
			path = view;
			sourceTree = "<group>";
		};
		DA825BBF1C92E86B000C5EE4 /* classes */ = {
			isa = PBXGroup;
			children = (
				DA2701CD1C9A434300AC8205 /* preferential-特惠 */,
				BC0F44A91C999EA800894419 /* forum-论坛 */,
				DA3B5CAB1C93BF7A001997C8 /* Main-主要 */,
				DA825BC01C92E86B000C5EE4 /* consulting-咨询 */,
				DA825BEF1C92E86B000C5EE4 /* FindCar-找车 */,
				DA825C031C92E86B000C5EE4 /* Mine-我的 */,
			);
			path = classes;
			sourceTree = "<group>";
		};
		DA825BC01C92E86B000C5EE4 /* consulting-咨询 */ = {
			isa = PBXGroup;
			children = (
				DA825BC11C92E86B000C5EE4 /* controller */,
				DA825BD51C92E86B000C5EE4 /* model */,
				DA825BDC1C92E86B000C5EE4 /* view */,
			);
			path = "consulting-咨询";
			sourceTree = "<group>";
		};
		DA825BC11C92E86B000C5EE4 /* controller */ = {
			isa = PBXGroup;
			children = (
				DA825C931C92EAD2000C5EE4 /* CarConsultingController.h */,
				DA825C941C92EAD2000C5EE4 /* CarConsultingController.m */,
				DA89F34A1C92FE85003D5AF8 /* ChildController */,
				DA825BC21C92E86B000C5EE4 /* home */,
				DA825BC51C92E86B000C5EE4 /* titleController */,
			);
			path = controller;
			sourceTree = "<group>";
		};
		DA825BC21C92E86B000C5EE4 /* home */ = {
			isa = PBXGroup;
			children = (
				DA825BC31C92E86B000C5EE4 /* WJSpecialController.h */,
				DA825BC41C92E86B000C5EE4 /* WJSpecialController.m */,
			);
			path = home;
			sourceTree = "<group>";
		};
		DA825BC51C92E86B000C5EE4 /* titleController */ = {
			isa = PBXGroup;
			children = (
				DA825C9C1C92EB7E000C5EE4 /* WJArrangeController.h */,
				DA825C9D1C92EB7E000C5EE4 /* WJArrangeController.m */,
			);
			path = titleController;
			sourceTree = "<group>";
		};
		DA825BD51C92E86B000C5EE4 /* model */ = {
			isa = PBXGroup;
			children = (
				DA825BD61C92E86B000C5EE4 /* param */,
				DA825BD71C92E86B000C5EE4 /* result */,
			);
			path = model;
			sourceTree = "<group>";
		};
		DA825BD61C92E86B000C5EE4 /* param */ = {
			isa = PBXGroup;
			children = (
			);
			path = param;
			sourceTree = "<group>";
		};
		DA825BD71C92E86B000C5EE4 /* result */ = {
			isa = PBXGroup;
			children = (
				DA825BD81C92E86B000C5EE4 /* WJConsultingResult.h */,
				DA825BD91C92E86B000C5EE4 /* WJConsultingResult.m */,
				DA825BDA1C92E86B000C5EE4 /* WJSUVResult.h */,
				DA825BDB1C92E86B000C5EE4 /* WJSUVResult.m */,
				DA89F3441C92FDCE003D5AF8 /* WJFindCarResult.h */,
				DA89F3451C92FDCE003D5AF8 /* WJFindCarResult.m */,
			);
			path = result;
			sourceTree = "<group>";
		};
		DA825BDC1C92E86B000C5EE4 /* view */ = {
			isa = PBXGroup;
			children = (
				DA825BDD1C92E86B000C5EE4 /* cell */,
				DA825BE41C92E86B000C5EE4 /* ContainerView */,
				DA825BE71C92E86B000C5EE4 /* headerView */,
				DA825BEA1C92E86B000C5EE4 /* progress */,
				DA825BED1C92E86B000C5EE4 /* WJVerticalButton.h */,
				DA825BEE1C92E86B000C5EE4 /* WJVerticalButton.m */,
				DA89F3541C93009B003D5AF8 /* WJWaterFlowLayout.h */,
				DA89F3551C93009B003D5AF8 /* WJWaterFlowLayout.m */,
			);
			path = view;
			sourceTree = "<group>";
		};
		DA825BDD1C92E86B000C5EE4 /* cell */ = {
			isa = PBXGroup;
			children = (
				FC457DC11C98162D00DDB531 /* WJConsultingNoPicCell.xib */,
				FC457DBE1C98162700DDB531 /* WJConsultingNoPicCell.h */,
				FC457DBF1C98162700DDB531 /* WJConsultingNoPicCell.m */,
				DA825BDE1C92E86B000C5EE4 /* WJConsultingCell.h */,
				DA825BDF1C92E86B000C5EE4 /* WJConsultingCell.m */,
				DA825BE01C92E86B000C5EE4 /* WJConsultingCell.xib */,
				DA825BE11C92E86B000C5EE4 /* WJFindHotCell.h */,
				DA825BE21C92E86B000C5EE4 /* WJFindHotCell.m */,
				DA825BE31C92E86B000C5EE4 /* WJFindHotCell.xib */,
				DA89F3571C9301B4003D5AF8 /* WJCollectionViewCell.h */,
				DA89F3581C9301B4003D5AF8 /* WJCollectionViewCell.m */,
				DA89F3591C9301B4003D5AF8 /* WJCollectionViewCell.xib */,
			);
			path = cell;
			sourceTree = "<group>";
		};
		DA825BE41C92E86B000C5EE4 /* ContainerView */ = {
			isa = PBXGroup;
			children = (
				DA2B4C351C99B203001DE451 /* WJConstraintModel.h */,
				DA2B4C361C99B203001DE451 /* WJConstraintModel.m */,
				DA2B4C321C99B1F9001DE451 /* WJScrollTitleView.h */,
				DA2B4C331C99B1F9001DE451 /* WJScrollTitleView.m */,
				DA825BE51C92E86B000C5EE4 /* WJContainerView.h */,
				DA825BE61C92E86B000C5EE4 /* WJContainerView.m */,
			);
			path = ContainerView;
			sourceTree = "<group>";
		};
		DA825BE71C92E86B000C5EE4 /* headerView */ = {
			isa = PBXGroup;
			children = (
				DA825BE81C92E86B000C5EE4 /* WJHeaderView.h */,
				DA825BE91C92E86B000C5EE4 /* WJHeaderView.m */,
			);
			path = headerView;
			sourceTree = "<group>";
		};
		DA825BEA1C92E86B000C5EE4 /* progress */ = {
			isa = PBXGroup;
			children = (
				DA825BEB1C92E86B000C5EE4 /* WJProgressView.h */,
				DA825BEC1C92E86B000C5EE4 /* WJProgressView.m */,
			);
			path = progress;
			sourceTree = "<group>";
		};
		DA825BEF1C92E86B000C5EE4 /* FindCar-找车 */ = {
			isa = PBXGroup;
			children = (
				FCCB84611C96B0AA005EA1AA /* model */,
				FCCB84621C96B0AA005EA1AA /* view */,
				FCCB845C1C96AF1A005EA1AA /* brand_list.json */,
				DA825BF01C92E86B000C5EE4 /* controller */,
			);
			path = "FindCar-找车";
			sourceTree = "<group>";
		};
		DA825BF01C92E86B000C5EE4 /* controller */ = {
			isa = PBXGroup;
			children = (
				DA825BF11C92E86B000C5EE4 /* CarFindController.h */,
				DA825BF21C92E86B000C5EE4 /* CarFindController.m */,
				FCCB84661C96B29E005EA1AA /* TSBrandCarController.h */,
				FCCB84671C96B29E005EA1AA /* TSBrandCarController.m */,
				FCCB84691C96F745005EA1AA /* TSTJZCController.h */,
				FCCB846A1C96F745005EA1AA /* TSTJZCController.m */,
				FC457DDC1C9847E600DDB531 /* TSSpecificController.h */,
				FC457DDD1C9847E600DDB531 /* TSSpecificController.m */,
				FCCF82721C995DC300F12B8C /* TSSXTableController.h */,
				FCCF82731C995DC300F12B8C /* TSSXTableController.m */,
			);
			path = controller;
			sourceTree = "<group>";
		};
		DA825C031C92E86B000C5EE4 /* Mine-我的 */ = {
			isa = PBXGroup;
			children = (
				DA825C041C92E86B000C5EE4 /* controller */,
				DA825C071C92E86B000C5EE4 /* model */,
				DA825C081C92E86B000C5EE4 /* view */,
			);
			path = "Mine-我的";
			sourceTree = "<group>";
		};
		DA825C041C92E86B000C5EE4 /* controller */ = {
			isa = PBXGroup;
			children = (
			);
			path = controller;
			sourceTree = "<group>";
		};
		DA825C071C92E86B000C5EE4 /* model */ = {
			isa = PBXGroup;
			children = (
			);
			path = model;
			sourceTree = "<group>";
		};
		DA825C081C92E86B000C5EE4 /* view */ = {
			isa = PBXGroup;
			children = (
			);
			path = view;
			sourceTree = "<group>";
		};
		DA89F34A1C92FE85003D5AF8 /* ChildController */ = {
			isa = PBXGroup;
			children = (
				DA89F34B1C92FE85003D5AF8 /* WJFindCarController.h */,
				DA89F34C1C92FE85003D5AF8 /* WJFindCarController.m */,
				DA89F34D1C92FE85003D5AF8 /* WJHotCarController.h */,
				DA89F34E1C92FE85003D5AF8 /* WJHotCarController.m */,
				DA89F34F1C92FE85003D5AF8 /* WJWebViewController.h */,
				DA89F3501C92FE85003D5AF8 /* WJWebViewController.m */,
			);
			path = ChildController;
			sourceTree = "<group>";
		};
		DAE939F91C8E75B900F03A67 = {
			isa = PBXGroup;
			children = (
				DAE93A041C8E75B900F03A67 /* fashionDance */,
				DAE93A1E1C8E75B900F03A67 /* fashionDanceTests */,
				DAE93A291C8E75B900F03A67 /* fashionDanceUITests */,
				DAE93A031C8E75B900F03A67 /* Products */,
				F2244DFF8190D6B6DCCAF482 /* Pods */,
				D2848F50D929F27A8AF2F15B /* Frameworks */,
			);
			sourceTree = "<group>";
		};
		DAE93A031C8E75B900F03A67 /* Products */ = {
			isa = PBXGroup;
			children = (
				DAE93A021C8E75B900F03A67 /* fashionDance.app */,
				DAE93A1B1C8E75B900F03A67 /* fashionDanceTests.xctest */,
				DAE93A261C8E75B900F03A67 /* fashionDanceUITests.xctest */,
			);
			name = Products;
			sourceTree = "<group>";
		};
		DAE93A041C8E75B900F03A67 /* fashionDance */ = {
			isa = PBXGroup;
			children = (
				DA825BBF1C92E86B000C5EE4 /* classes */,
				DAE93A081C8E75B900F03A67 /* AppDelegate.h */,
				DAE93A091C8E75B900F03A67 /* AppDelegate.m */,
				DAE93A0E1C8E75B900F03A67 /* Main.storyboard */,
				DAE93A111C8E75B900F03A67 /* Assets.xcassets */,
				DAE93A131C8E75B900F03A67 /* LaunchScreen.storyboard */,
				DAE93A161C8E75B900F03A67 /* Info.plist */,
				DAE93A5C1C8E77BB00F03A67 /* singleton.h */,
				DAE93A5D1C8E77BB00F03A67 /* PrefixHeader.pch */,
				DAE93A051C8E75B900F03A67 /* Supporting Files */,
			);
			path = fashionDance;
			sourceTree = "<group>";
		};
		DAE93A051C8E75B900F03A67 /* Supporting Files */ = {
			isa = PBXGroup;
			children = (
				DAE93A591C8E77A600F03A67 /* WJConst.h */,
				DAE93A5A1C8E77A600F03A67 /* WJConst.m */,
				DAE93A061C8E75B900F03A67 /* main.m */,
			);
			name = "Supporting Files";
			sourceTree = "<group>";
		};
		DAE93A1E1C8E75B900F03A67 /* fashionDanceTests */ = {
			isa = PBXGroup;
			children = (
				DAE93A1F1C8E75B900F03A67 /* fashionDanceTests.m */,
				DAE93A211C8E75B900F03A67 /* Info.plist */,
			);
			path = fashionDanceTests;
			sourceTree = "<group>";
		};
		DAE93A291C8E75B900F03A67 /* fashionDanceUITests */ = {
			isa = PBXGroup;
			children = (
				DAE93A2A1C8E75B900F03A67 /* fashionDanceUITests.m */,
				DAE93A2C1C8E75B900F03A67 /* Info.plist */,
			);
			path = fashionDanceUITests;
			sourceTree = "<group>";
		};
		F2244DFF8190D6B6DCCAF482 /* Pods */ = {
			isa = PBXGroup;
			children = (
				7CF344E4DA0F93C7E0B1D029 /* Pods.debug.xcconfig */,
				6FB5973FF1B297B050B1A609 /* Pods.release.xcconfig */,
			);
			name = Pods;
			sourceTree = "<group>";
		};
		FCCB84611C96B0AA005EA1AA /* model */ = {
			isa = PBXGroup;
			children = (
				FC457DCB1C9816A200DDB531 /* SWSectionModel.h */,
				FC457DCC1C9816A200DDB531 /* SWSectionModel.m */,
				FCCB846C1C970122005EA1AA /* CarData.plist */,
				FCCB84631C96B0BB005EA1AA /* TSCarMod.h */,
				FCCB84641C96B0BB005EA1AA /* TSCarMod.m */,
				FC457DD31C983CA200DDB531 /* TSTitleList.plist */,
				FC457DD51C983D3800DDB531 /* TSConfigList.plist */,
				FCCF82751C99628100F12B8C /* TSSXCarModel.h */,
				FCCF82761C99628100F12B8C /* TSSXCarModel.m */,
			);
			path = model;
			sourceTree = "<group>";
		};
		FCCB84621C96B0AA005EA1AA /* view */ = {
			isa = PBXGroup;
			children = (
				FC457DCE1C9816AF00DDB531 /* SWCarCell.h */,
				FC457DCF1C9816AF00DDB531 /* SWCarCell.m */,
				FC457DD01C9816AF00DDB531 /* SWCarCell.xib */,
				FC457DC81C98168700DDB531 /* SWBrandHeadView.h */,
				FC457DC91C98168700DDB531 /* SWBrandHeadView.m */,
				FC457DBB1C98064C00DDB531 /* TSDrawView.h */,
				FC457DBC1C98064C00DDB531 /* TSDrawView.m */,
				FC457DD71C98413100DDB531 /* TSTitleCell.h */,
				FC457DD81C98413100DDB531 /* TSTitleCell.m */,
				FC457DD91C98413100DDB531 /* TSTitleCell.xib */,
				FCCF827C1C997DE600F12B8C /* TSXCCell.h */,
				FCCF827D1C997DE600F12B8C /* TSXCCell.m */,
				FCCF827E1C997DE600F12B8C /* TSXCCell.xib */,
			);
			path = view;
			sourceTree = "<group>";
		};
/* End PBXGroup section */

/* Begin PBXNativeTarget section */
		DAE93A011C8E75B900F03A67 /* fashionDance */ = {
			isa = PBXNativeTarget;
			buildConfigurationList = DAE93A2F1C8E75B900F03A67 /* Build configuration list for PBXNativeTarget "fashionDance" */;
			buildPhases = (
				BD7F2031973AD692522B4D42 /* Check Pods Manifest.lock */,
				DAE939FE1C8E75B900F03A67 /* Sources */,
				DAE939FF1C8E75B900F03A67 /* Frameworks */,
				DAE93A001C8E75B900F03A67 /* Resources */,
				6A17112D744AD9354B00D706 /* Embed Pods Frameworks */,
				8A53A9920FB15CF9EEEF72D3 /* Copy Pods Resources */,
			);
			buildRules = (
			);
			dependencies = (
			);
			name = fashionDance;
			productName = fashionDance;
			productReference = DAE93A021C8E75B900F03A67 /* fashionDance.app */;
			productType = "com.apple.product-type.application";
		};
		DAE93A1A1C8E75B900F03A67 /* fashionDanceTests */ = {
			isa = PBXNativeTarget;
			buildConfigurationList = DAE93A321C8E75B900F03A67 /* Build configuration list for PBXNativeTarget "fashionDanceTests" */;
			buildPhases = (
				DAE93A171C8E75B900F03A67 /* Sources */,
				DAE93A181C8E75B900F03A67 /* Frameworks */,
				DAE93A191C8E75B900F03A67 /* Resources */,
			);
			buildRules = (
			);
			dependencies = (
				DAE93A1D1C8E75B900F03A67 /* PBXTargetDependency */,
			);
			name = fashionDanceTests;
			productName = fashionDanceTests;
			productReference = DAE93A1B1C8E75B900F03A67 /* fashionDanceTests.xctest */;
			productType = "com.apple.product-type.bundle.unit-test";
		};
		DAE93A251C8E75B900F03A67 /* fashionDanceUITests */ = {
			isa = PBXNativeTarget;
			buildConfigurationList = DAE93A351C8E75B900F03A67 /* Build configuration list for PBXNativeTarget "fashionDanceUITests" */;
			buildPhases = (
				DAE93A221C8E75B900F03A67 /* Sources */,
				DAE93A231C8E75B900F03A67 /* Frameworks */,
				DAE93A241C8E75B900F03A67 /* Resources */,
			);
			buildRules = (
			);
			dependencies = (
				DAE93A281C8E75B900F03A67 /* PBXTargetDependency */,
			);
			name = fashionDanceUITests;
			productName = fashionDanceUITests;
			productReference = DAE93A261C8E75B900F03A67 /* fashionDanceUITests.xctest */;
			productType = "com.apple.product-type.bundle.ui-testing";
		};
/* End PBXNativeTarget section */

/* Begin PBXProject section */
		DAE939FA1C8E75B900F03A67 /* Project object */ = {
			isa = PBXProject;
			attributes = {
				LastUpgradeCheck = 0720;
				ORGANIZATIONNAME = "汪俊";
				TargetAttributes = {
					DAE93A011C8E75B900F03A67 = {
						CreatedOnToolsVersion = 7.2;
						DevelopmentTeam = 2VHMZAJUND;
					};
					DAE93A1A1C8E75B900F03A67 = {
						CreatedOnToolsVersion = 7.2;
						TestTargetID = DAE93A011C8E75B900F03A67;
					};
					DAE93A251C8E75B900F03A67 = {
						CreatedOnToolsVersion = 7.2;
						TestTargetID = DAE93A011C8E75B900F03A67;
					};
				};
			};
			buildConfigurationList = DAE939FD1C8E75B900F03A67 /* Build configuration list for PBXProject "fashionDance" */;
			compatibilityVersion = "Xcode 3.2";
			developmentRegion = English;
			hasScannedForEncodings = 0;
			knownRegions = (
				en,
				Base,
			);
			mainGroup = DAE939F91C8E75B900F03A67;
			productRefGroup = DAE93A031C8E75B900F03A67 /* Products */;
			projectDirPath = "";
			projectRoot = "";
			targets = (
				DAE93A011C8E75B900F03A67 /* fashionDance */,
				DAE93A1A1C8E75B900F03A67 /* fashionDanceTests */,
				DAE93A251C8E75B900F03A67 /* fashionDanceUITests */,
			);
		};
/* End PBXProject section */

/* Begin PBXResourcesBuildPhase section */
		DAE93A001C8E75B900F03A67 /* Resources */ = {
			isa = PBXResourcesBuildPhase;
			buildActionMask = 2147483647;
			files = (
				FC457DD41C983CA200DDB531 /* TSTitleList.plist in Resources */,
				BC0F44F61C999EA800894419 /* YUSelectionTopicCell.xib in Resources */,
				DA825C1A1C92E86B000C5EE4 /* WJConsultingCell.xib in Resources */,
				DA825C1C1C92E86B000C5EE4 /* WJFindHotCell.xib in Resources */,
				FCCF82801C997DE600F12B8C /* TSXCCell.xib in Resources */,
				FC457DD61C983D3800DDB531 /* TSConfigList.plist in Resources */,
				DAE93A151C8E75B900F03A67 /* LaunchScreen.storyboard in Resources */,
				FCCB846D1C970122005EA1AA /* CarData.plist in Resources */,
				BC0F44F31C999EA800894419 /* YUMoreTopicCell.xib in Resources */,
				FCCB845D1C96AF1A005EA1AA /* brand_list.json in Resources */,
				DA89F35B1C9301B4003D5AF8 /* WJCollectionViewCell.xib in Resources */,
				FC457DDB1C98413100DDB531 /* TSTitleCell.xib in Resources */,
				BC0F44F01C999EA800894419 /* YUHotTopicCell.xib in Resources */,
				DA2701E11C9A437200AC8205 /* MKVideoCell.xib in Resources */,
				DAE93A121C8E75B900F03A67 /* Assets.xcassets in Resources */,
				FC457DC21C98162D00DDB531 /* WJConsultingNoPicCell.xib in Resources */,
				FC457DD21C9816AF00DDB531 /* SWCarCell.xib in Resources */,
				DAE93A101C8E75B900F03A67 /* Main.storyboard in Resources */,
			);
			runOnlyForDeploymentPostprocessing = 0;
		};
		DAE93A191C8E75B900F03A67 /* Resources */ = {
			isa = PBXResourcesBuildPhase;
			buildActionMask = 2147483647;
			files = (
			);
			runOnlyForDeploymentPostprocessing = 0;
		};
		DAE93A241C8E75B900F03A67 /* Resources */ = {
			isa = PBXResourcesBuildPhase;
			buildActionMask = 2147483647;
			files = (
			);
			runOnlyForDeploymentPostprocessing = 0;
		};
/* End PBXResourcesBuildPhase section */

/* Begin PBXShellScriptBuildPhase section */
		6A17112D744AD9354B00D706 /* Embed Pods Frameworks */ = {
			isa = PBXShellScriptBuildPhase;
			buildActionMask = 2147483647;
			files = (
			);
			inputPaths = (
			);
			name = "Embed Pods Frameworks";
			outputPaths = (
			);
			runOnlyForDeploymentPostprocessing = 0;
			shellPath = /bin/sh;
			shellScript = "\"${SRCROOT}/Pods/Target Support Files/Pods/Pods-frameworks.sh\"\n";
			showEnvVarsInLog = 0;
		};
		8A53A9920FB15CF9EEEF72D3 /* Copy Pods Resources */ = {
			isa = PBXShellScriptBuildPhase;
			buildActionMask = 2147483647;
			files = (
			);
			inputPaths = (
			);
			name = "Copy Pods Resources";
			outputPaths = (
			);
			runOnlyForDeploymentPostprocessing = 0;
			shellPath = /bin/sh;
			shellScript = "\"${SRCROOT}/Pods/Target Support Files/Pods/Pods-resources.sh\"\n";
			showEnvVarsInLog = 0;
		};
		BD7F2031973AD692522B4D42 /* Check Pods Manifest.lock */ = {
			isa = PBXShellScriptBuildPhase;
			buildActionMask = 2147483647;
			files = (
			);
			inputPaths = (
			);
			name = "Check Pods Manifest.lock";
			outputPaths = (
			);
			runOnlyForDeploymentPostprocessing = 0;
			shellPath = /bin/sh;
			shellScript = "diff \"${PODS_ROOT}/../Podfile.lock\" \"${PODS_ROOT}/Manifest.lock\" > /dev/null\nif [[ $? != 0 ]] ; then\n    cat << EOM\nerror: The sandbox is not in sync with the Podfile.lock. Run 'pod install' or update your CocoaPods installation.\nEOM\n    exit 1\nfi\n";
			showEnvVarsInLog = 0;
		};
/* End PBXShellScriptBuildPhase section */

/* Begin PBXSourcesBuildPhase section */
		DAE939FE1C8E75B900F03A67 /* Sources */ = {
			isa = PBXSourcesBuildPhase;
			buildActionMask = 2147483647;
			files = (
				DA825C971C92EAD2000C5EE4 /* CarConsultingController.m in Sources */,
				FC457DC01C98162700DDB531 /* WJConsultingNoPicCell.m in Sources */,
				DA2B4C301C99B12D001DE451 /* YuForumViewController.m in Sources */,
				DA3B5CDC1C93BF7A001997C8 /* LLCarOffSaleListModel.m in Sources */,
				DAE93A0A1C8E75B900F03A67 /* AppDelegate.m in Sources */,
				DAE93A5B1C8E77A600F03A67 /* WJConst.m in Sources */,
				DA825C181C92E86B000C5EE4 /* WJSUVResult.m in Sources */,
				DA3B5CDD1C93BF7A001997C8 /* LLCarTypeInfoModel.m in Sources */,
				DA89F35A1C9301B4003D5AF8 /* WJCollectionViewCell.m in Sources */,
				BC0F44E31C999EA800894419 /* YUMoreTopicViewController.m in Sources */,
				DA2701E01C9A437200AC8205 /* MKVideoCell.m in Sources */,
				DA825C1E1C92E86B000C5EE4 /* WJHeaderView.m in Sources */,
				DA825C191C92E86B000C5EE4 /* WJConsultingCell.m in Sources */,
				BC0F44F81C999EA800894419 /* YUDBManager.m in Sources */,
				DA825C0F1C92E86B000C5EE4 /* WJSpecialController.m in Sources */,
				DA2701C91C9A3B4B00AC8205 /* WJHeaderAppraiseModel.m in Sources */,
				FC457DDA1C98413100DDB531 /* TSTitleCell.m in Sources */,
				FCCF82741C995DC300F12B8C /* TSSXTableController.m in Sources */,
				DA825C1F1C92E86B000C5EE4 /* WJProgressView.m in Sources */,
				BC0F44F41C999EA800894419 /* YUScrollView.m in Sources */,
				BC0F44E01C999EA800894419 /* CarForumController.m in Sources */,
				DA3B5CDE1C93BF7A001997C8 /* LLCarTypeVersionModel.m in Sources */,
				DA3B5CD71C93BF7A001997C8 /* UIView+WJExtension.m in Sources */,
				DA3B5CD31C93BF7A001997C8 /* UIBarButtonItem+WJExtension.m in Sources */,
				DA825C171C92E86B000C5EE4 /* WJConsultingResult.m in Sources */,
				BC0F44EB1C999EA800894419 /* YUBannerListModel.m in Sources */,
				BC0F44F71C999EA800894419 /* YUTopicHeaderView.m in Sources */,
				DA2B4C311C99B12D001DE451 /* YuSummarizeController.m in Sources */,
				DA2B4C2D1C99B12D001DE451 /* WJPraiseViewController.h.m in Sources */,
				DA3B5CD51C93BF7A001997C8 /* UIImage+reSize.m in Sources */,
				DA89F3511C92FE85003D5AF8 /* WJFindCarController.m in Sources */,
				BC0F44E21C999EA800894419 /* YUHotTopicViewController.m in Sources */,
				DA2B4C371C99B203001DE451 /* WJConstraintModel.m in Sources */,
				DA3B5CD61C93BF7A001997C8 /* UIImageView+downloadImage.m in Sources */,
				BC0F44EE1C999EA800894419 /* YUCollectionReusableView.m in Sources */,
				FCCF827F1C997DE600F12B8C /* TSXCCell.m in Sources */,
				DAE93A071C8E75B900F03A67 /* main.m in Sources */,
				DA3B5CD41C93BF7A001997C8 /* UIImage+cirlcle.m in Sources */,
				DA3B5CDB1C93BF7A001997C8 /* WJHttpTool.m in Sources */,
				DA825C1B1C92E86B000C5EE4 /* WJFindHotCell.m in Sources */,
				FC457DBD1C98064C00DDB531 /* TSDrawView.m in Sources */,
				DA2B4C2E1C99B12D001DE451 /* WJPublicViewController.m in Sources */,
				DA2701CC1C9A3BFC00AC8205 /* WJContentAppraiseModel.m in Sources */,
				DA825C9E1C92EB7E000C5EE4 /* WJArrangeController.m in Sources */,
				DA2701DA1C9A434300AC8205 /* MKVediosModel.m in Sources */,
				FCCF82771C99628100F12B8C /* TSSXCarModel.m in Sources */,
				DA825C1D1C92E86B000C5EE4 /* WJContainerView.m in Sources */,
				FC457DD11C9816AF00DDB531 /* SWCarCell.m in Sources */,
				FCCB84651C96B0BB005EA1AA /* TSCarMod.m in Sources */,
				BC0F44E91C999EA800894419 /* FMDatabaseQueue.m in Sources */,
				DA2701D91C9A434300AC8205 /* MKVedioDetailController.m in Sources */,
				BC0F44E81C999EA800894419 /* FMDatabasePool.m in Sources */,
				BC0F44E61C999EA800894419 /* FMDatabase.m in Sources */,
				BC0F44EF1C999EA800894419 /* YUHotTopicCell.m in Sources */,
				DA825C201C92E86B000C5EE4 /* WJVerticalButton.m in Sources */,
				DA89F3461C92FDCE003D5AF8 /* WJFindCarResult.m in Sources */,
				BC0F44F21C999EA800894419 /* YUMoreTopicCell.m in Sources */,
				BC0F44EA1C999EA800894419 /* FMResultSet.m in Sources */,
				FC457DCD1C9816A200DDB531 /* SWSectionModel.m in Sources */,
				FC457DDE1C9847E600DDB531 /* TSSpecificController.m in Sources */,
				BC0F44E41C999EA800894419 /* YUSelectionViewController.m in Sources */,
				BC0F44E51C999EA800894419 /* YUTopicWebViewController.m in Sources */,
				DA3B5CD21C93BF7A001997C8 /* NSString+StringFromNumber.m in Sources */,
				DA2B4C341C99B1F9001DE451 /* WJScrollTitleView.m in Sources */,
				DA825C211C92E86B000C5EE4 /* CarFindController.m in Sources */,
				BC0F44ED1C999EA800894419 /* YUSelectionTopic.m in Sources */,
				DA2701E41C9A438B00AC8205 /* CarPreferentialController.m in Sources */,
				BC0F44F11C999EA800894419 /* YUImageCell.m in Sources */,
				FCCB846B1C96F745005EA1AA /* TSTJZCController.m in Sources */,
				BC0F44E11C999EA800894419 /* YUCategoryViewController.m in Sources */,
				FCCB84681C96B29E005EA1AA /* TSBrandCarController.m in Sources */,
				BC0F44EC1C999EA800894419 /* YUHotTopicModel.m in Sources */,
				FC457DCA1C98168700DDB531 /* SWBrandHeadView.m in Sources */,
				DA3B5CD91C93BF7A001997C8 /* WJNavgationController.m in Sources */,
				BC0F44E71C999EA800894419 /* FMDatabaseAdditions.m in Sources */,
				BC0F44F51C999EA800894419 /* YUSelectionTopicCell.m in Sources */,
				DA89F3561C93009B003D5AF8 /* WJWaterFlowLayout.m in Sources */,
				DA2B4C2F1C99B12D001DE451 /* YuArticleViewController.m in Sources */,
				DA89F3521C92FE85003D5AF8 /* WJHotCarController.m in Sources */,
				DA3B5CD11C93BF7A001997C8 /* NSDate+WJExtension.m in Sources */,
				DA3B5CD81C93BF7A001997C8 /* LLCarTypeDetailController.m in Sources */,
				DA89F3531C92FE85003D5AF8 /* WJWebViewController.m in Sources */,
				DA3B5CDA1C93BF7A001997C8 /* WJTabBarController.m in Sources */,
				DA3B5CD01C93BF7A001997C8 /* Foundation+Log.m in Sources */,
				DA2B4C2C1C99B12D001DE451 /* CCPicViewController.m in Sources */,
			);
			runOnlyForDeploymentPostprocessing = 0;
		};
		DAE93A171C8E75B900F03A67 /* Sources */ = {
			isa = PBXSourcesBuildPhase;
			buildActionMask = 2147483647;
			files = (
				DAE93A201C8E75B900F03A67 /* fashionDanceTests.m in Sources */,
			);
			runOnlyForDeploymentPostprocessing = 0;
		};
		DAE93A221C8E75B900F03A67 /* Sources */ = {
			isa = PBXSourcesBuildPhase;
			buildActionMask = 2147483647;
			files = (
				DAE93A2B1C8E75B900F03A67 /* fashionDanceUITests.m in Sources */,
			);
			runOnlyForDeploymentPostprocessing = 0;
		};
/* End PBXSourcesBuildPhase section */

/* Begin PBXTargetDependency section */
		DAE93A1D1C8E75B900F03A67 /* PBXTargetDependency */ = {
			isa = PBXTargetDependency;
			target = DAE93A011C8E75B900F03A67 /* fashionDance */;
			targetProxy = DAE93A1C1C8E75B900F03A67 /* PBXContainerItemProxy */;
		};
		DAE93A281C8E75B900F03A67 /* PBXTargetDependency */ = {
			isa = PBXTargetDependency;
			target = DAE93A011C8E75B900F03A67 /* fashionDance */;
			targetProxy = DAE93A271C8E75B900F03A67 /* PBXContainerItemProxy */;
		};
/* End PBXTargetDependency section */

/* Begin PBXVariantGroup section */
		DAE93A0E1C8E75B900F03A67 /* Main.storyboard */ = {
			isa = PBXVariantGroup;
			children = (
				DAE93A0F1C8E75B900F03A67 /* Base */,
			);
			name = Main.storyboard;
			sourceTree = "<group>";
		};
		DAE93A131C8E75B900F03A67 /* LaunchScreen.storyboard */ = {
			isa = PBXVariantGroup;
			children = (
				DAE93A141C8E75B900F03A67 /* Base */,
			);
			name = LaunchScreen.storyboard;
			sourceTree = "<group>";
		};
/* End PBXVariantGroup section */

/* Begin XCBuildConfiguration section */
		DAE93A2D1C8E75B900F03A67 /* Debug */ = {
			isa = XCBuildConfiguration;
			buildSettings = {
				ALWAYS_SEARCH_USER_PATHS = NO;
				CLANG_CXX_LANGUAGE_STANDARD = "gnu++0x";
				CLANG_CXX_LIBRARY = "libc++";
				CLANG_ENABLE_MODULES = YES;
				CLANG_ENABLE_OBJC_ARC = YES;
				CLANG_WARN_BOOL_CONVERSION = YES;
				CLANG_WARN_CONSTANT_CONVERSION = YES;
				CLANG_WARN_DIRECT_OBJC_ISA_USAGE = YES_ERROR;
				CLANG_WARN_EMPTY_BODY = YES;
				CLANG_WARN_ENUM_CONVERSION = YES;
				CLANG_WARN_INT_CONVERSION = YES;
				CLANG_WARN_OBJC_ROOT_CLASS = YES_ERROR;
				CLANG_WARN_UNREACHABLE_CODE = YES;
				CLANG_WARN__DUPLICATE_METHOD_MATCH = YES;
				"CODE_SIGN_IDENTITY[sdk=iphoneos*]" = "iPhone Developer";
				COPY_PHASE_STRIP = NO;
				DEBUG_INFORMATION_FORMAT = dwarf;
				ENABLE_STRICT_OBJC_MSGSEND = YES;
				ENABLE_TESTABILITY = YES;
				GCC_C_LANGUAGE_STANDARD = gnu99;
				GCC_DYNAMIC_NO_PIC = NO;
				GCC_NO_COMMON_BLOCKS = YES;
				GCC_OPTIMIZATION_LEVEL = 0;
				GCC_PREPROCESSOR_DEFINITIONS = (
					"DEBUG=1",
					"$(inherited)",
				);
				GCC_WARN_64_TO_32_BIT_CONVERSION = YES;
				GCC_WARN_ABOUT_RETURN_TYPE = YES_ERROR;
				GCC_WARN_UNDECLARED_SELECTOR = YES;
				GCC_WARN_UNINITIALIZED_AUTOS = YES_AGGRESSIVE;
				GCC_WARN_UNUSED_FUNCTION = YES;
				GCC_WARN_UNUSED_VARIABLE = YES;
				IPHONEOS_DEPLOYMENT_TARGET = 9.2;
				MTL_ENABLE_DEBUG_INFO = YES;
				ONLY_ACTIVE_ARCH = YES;
				SDKROOT = iphoneos;
				TARGETED_DEVICE_FAMILY = "1,2";
			};
			name = Debug;
		};
		DAE93A2E1C8E75B900F03A67 /* Release */ = {
			isa = XCBuildConfiguration;
			buildSettings = {
				ALWAYS_SEARCH_USER_PATHS = NO;
				CLANG_CXX_LANGUAGE_STANDARD = "gnu++0x";
				CLANG_CXX_LIBRARY = "libc++";
				CLANG_ENABLE_MODULES = YES;
				CLANG_ENABLE_OBJC_ARC = YES;
				CLANG_WARN_BOOL_CONVERSION = YES;
				CLANG_WARN_CONSTANT_CONVERSION = YES;
				CLANG_WARN_DIRECT_OBJC_ISA_USAGE = YES_ERROR;
				CLANG_WARN_EMPTY_BODY = YES;
				CLANG_WARN_ENUM_CONVERSION = YES;
				CLANG_WARN_INT_CONVERSION = YES;
				CLANG_WARN_OBJC_ROOT_CLASS = YES_ERROR;
				CLANG_WARN_UNREACHABLE_CODE = YES;
				CLANG_WARN__DUPLICATE_METHOD_MATCH = YES;
				"CODE_SIGN_IDENTITY[sdk=iphoneos*]" = "iPhone Developer";
				COPY_PHASE_STRIP = NO;
				DEBUG_INFORMATION_FORMAT = "dwarf-with-dsym";
				ENABLE_NS_ASSERTIONS = NO;
				ENABLE_STRICT_OBJC_MSGSEND = YES;
				GCC_C_LANGUAGE_STANDARD = gnu99;
				GCC_NO_COMMON_BLOCKS = YES;
				GCC_WARN_64_TO_32_BIT_CONVERSION = YES;
				GCC_WARN_ABOUT_RETURN_TYPE = YES_ERROR;
				GCC_WARN_UNDECLARED_SELECTOR = YES;
				GCC_WARN_UNINITIALIZED_AUTOS = YES_AGGRESSIVE;
				GCC_WARN_UNUSED_FUNCTION = YES;
				GCC_WARN_UNUSED_VARIABLE = YES;
				IPHONEOS_DEPLOYMENT_TARGET = 9.2;
				MTL_ENABLE_DEBUG_INFO = NO;
				SDKROOT = iphoneos;
				TARGETED_DEVICE_FAMILY = "1,2";
				VALIDATE_PRODUCT = YES;
			};
			name = Release;
		};
		DAE93A301C8E75B900F03A67 /* Debug */ = {
			isa = XCBuildConfiguration;
			baseConfigurationReference = 7CF344E4DA0F93C7E0B1D029 /* Pods.debug.xcconfig */;
			buildSettings = {
				ASSETCATALOG_COMPILER_APPICON_NAME = AppIcon;
				ASSETCATALOG_COMPILER_LAUNCHIMAGE_NAME = "Brand Assets";
				CODE_SIGN_IDENTITY = "iPhone Developer";
				GCC_PREFIX_HEADER = "$(SRCROOT)/fashionDance/PrefixHeader.pch";
				INFOPLIST_FILE = fashionDance/Info.plist;
				IPHONEOS_DEPLOYMENT_TARGET = 8.3;
				LD_RUNPATH_SEARCH_PATHS = "$(inherited) @executable_path/Frameworks";
				PRODUCT_BUNDLE_IDENTIFIER = com.heartHope.fashionDance;
				PRODUCT_NAME = "$(TARGET_NAME)";
			};
			name = Debug;
		};
		DAE93A311C8E75B900F03A67 /* Release */ = {
			isa = XCBuildConfiguration;
			baseConfigurationReference = 6FB5973FF1B297B050B1A609 /* Pods.release.xcconfig */;
			buildSettings = {
				ASSETCATALOG_COMPILER_APPICON_NAME = AppIcon;
				ASSETCATALOG_COMPILER_LAUNCHIMAGE_NAME = "Brand Assets";
				CODE_SIGN_IDENTITY = "iPhone Developer";
				GCC_PREFIX_HEADER = "$(SRCROOT)/fashionDance/PrefixHeader.pch";
				INFOPLIST_FILE = fashionDance/Info.plist;
				IPHONEOS_DEPLOYMENT_TARGET = 8.3;
				LD_RUNPATH_SEARCH_PATHS = "$(inherited) @executable_path/Frameworks";
				PRODUCT_BUNDLE_IDENTIFIER = com.heartHope.fashionDance;
				PRODUCT_NAME = "$(TARGET_NAME)";
			};
			name = Release;
		};
		DAE93A331C8E75B900F03A67 /* Debug */ = {
			isa = XCBuildConfiguration;
			buildSettings = {
				BUNDLE_LOADER = "$(TEST_HOST)";
				INFOPLIST_FILE = fashionDanceTests/Info.plist;
				LD_RUNPATH_SEARCH_PATHS = "$(inherited) @executable_path/Frameworks @loader_path/Frameworks";
				PRODUCT_BUNDLE_IDENTIFIER = com.heartHope.fashionDanceTests;
				PRODUCT_NAME = "$(TARGET_NAME)";
				TEST_HOST = "$(BUILT_PRODUCTS_DIR)/fashionDance.app/fashionDance";
			};
			name = Debug;
		};
		DAE93A341C8E75B900F03A67 /* Release */ = {
			isa = XCBuildConfiguration;
			buildSettings = {
				BUNDLE_LOADER = "$(TEST_HOST)";
				INFOPLIST_FILE = fashionDanceTests/Info.plist;
				LD_RUNPATH_SEARCH_PATHS = "$(inherited) @executable_path/Frameworks @loader_path/Frameworks";
				PRODUCT_BUNDLE_IDENTIFIER = com.heartHope.fashionDanceTests;
				PRODUCT_NAME = "$(TARGET_NAME)";
				TEST_HOST = "$(BUILT_PRODUCTS_DIR)/fashionDance.app/fashionDance";
			};
			name = Release;
		};
		DAE93A361C8E75B900F03A67 /* Debug */ = {
			isa = XCBuildConfiguration;
			buildSettings = {
				INFOPLIST_FILE = fashionDanceUITests/Info.plist;
				LD_RUNPATH_SEARCH_PATHS = "$(inherited) @executable_path/Frameworks @loader_path/Frameworks";
				PRODUCT_BUNDLE_IDENTIFIER = com.heartHope.fashionDanceUITests;
				PRODUCT_NAME = "$(TARGET_NAME)";
				TEST_TARGET_NAME = fashionDance;
				USES_XCTRUNNER = YES;
			};
			name = Debug;
		};
		DAE93A371C8E75B900F03A67 /* Release */ = {
			isa = XCBuildConfiguration;
			buildSettings = {
				INFOPLIST_FILE = fashionDanceUITests/Info.plist;
				LD_RUNPATH_SEARCH_PATHS = "$(inherited) @executable_path/Frameworks @loader_path/Frameworks";
				PRODUCT_BUNDLE_IDENTIFIER = com.heartHope.fashionDanceUITests;
				PRODUCT_NAME = "$(TARGET_NAME)";
				TEST_TARGET_NAME = fashionDance;
				USES_XCTRUNNER = YES;
			};
			name = Release;
		};
/* End XCBuildConfiguration section */

/* Begin XCConfigurationList section */
		DAE939FD1C8E75B900F03A67 /* Build configuration list for PBXProject "fashionDance" */ = {
			isa = XCConfigurationList;
			buildConfigurations = (
				DAE93A2D1C8E75B900F03A67 /* Debug */,
				DAE93A2E1C8E75B900F03A67 /* Release */,
			);
			defaultConfigurationIsVisible = 0;
			defaultConfigurationName = Release;
		};
		DAE93A2F1C8E75B900F03A67 /* Build configuration list for PBXNativeTarget "fashionDance" */ = {
			isa = XCConfigurationList;
			buildConfigurations = (
				DAE93A301C8E75B900F03A67 /* Debug */,
				DAE93A311C8E75B900F03A67 /* Release */,
			);
			defaultConfigurationIsVisible = 0;
			defaultConfigurationName = Release;
		};
		DAE93A321C8E75B900F03A67 /* Build configuration list for PBXNativeTarget "fashionDanceTests" */ = {
			isa = XCConfigurationList;
			buildConfigurations = (
				DAE93A331C8E75B900F03A67 /* Debug */,
				DAE93A341C8E75B900F03A67 /* Release */,
			);
			defaultConfigurationIsVisible = 0;
			defaultConfigurationName = Release;
		};
		DAE93A351C8E75B900F03A67 /* Build configuration list for PBXNativeTarget "fashionDanceUITests" */ = {
			isa = XCConfigurationList;
			buildConfigurations = (
				DAE93A361C8E75B900F03A67 /* Debug */,
				DAE93A371C8E75B900F03A67 /* Release */,
			);
			defaultConfigurationIsVisible = 0;
			defaultConfigurationName = Release;
		};
/* End XCConfigurationList section */
	};
	rootObject = DAE939FA1C8E75B900F03A67 /* Project object */;
}
